// !$*UTF8*$!
{
	archiveVersion = 1;
	classes = {
	};
	objectVersion = 77;
	objects = {

/* Begin PBXBuildFile section */
		954D306B2E2852DF00C7DC88 /* AlertEditWindowController.m in Sources */ = {isa = PBXBuildFile; fileRef = 954D30642E2852DF00C7DC88 /* AlertEditWindowController.m */; };
		954D306C2E2852DF00C7DC88 /* AlertEntry.m in Sources */ = {isa = PBXBuildFile; fileRef = 954D30662E2852DF00C7DC88 /* AlertEntry.m */; };
		954D306D2E2852DF00C7DC88 /* AlertWidget.m in Sources */ = {isa = PBXBuildFile; fileRef = 954D306A2E2852DF00C7DC88 /* AlertWidget.m */; };
		954D306E2E2852DF00C7DC88 /* AlertManager.m in Sources */ = {isa = PBXBuildFile; fileRef = 954D30682E2852DF00C7DC88 /* AlertManager.m */; };
		954D30732E2852E400C7DC88 /* NSColor+CHAdditions.m in Sources */ = {isa = PBXBuildFile; fileRef = 954D30722E2852E400C7DC88 /* NSColor+CHAdditions.m */; };
		954D30742E2852E400C7DC88 /* NSBezierPath+CHAdditions.m in Sources */ = {isa = PBXBuildFile; fileRef = 954D30702E2852E400C7DC88 /* NSBezierPath+CHAdditions.m */; };
		954D30792E2852EA00C7DC88 /* CHColorUtils.m in Sources */ = {isa = PBXBuildFile; fileRef = 954D30782E2852EA00C7DC88 /* CHColorUtils.m */; };
		954D307A2E2852EA00C7DC88 /* CHChartUtils.m in Sources */ = {isa = PBXBuildFile; fileRef = 954D30762E2852EA00C7DC88 /* CHChartUtils.m */; };
		954D307F2E2852F000C7DC88 /* CHBarChartRenderer.m in Sources */ = {isa = PBXBuildFile; fileRef = 954D307E2E2852F000C7DC88 /* CHBarChartRenderer.m */; };
		954D30802E2852F000C7DC88 /* CHLineChartRenderer.m in Sources */ = {isa = PBXBuildFile; fileRef = 954D307C2E2852F000C7DC88 /* CHLineChartRenderer.m */; };
		954D30852E2852F400C7DC88 /* CHChartLayer.m in Sources */ = {isa = PBXBuildFile; fileRef = 954D30842E2852F400C7DC88 /* CHChartLayer.m */; };
		954D30862E2852F400C7DC88 /* CHChartView.m in Sources */ = {isa = PBXBuildFile; fileRef = 954D30822E2852F400C7DC88 /* CHChartView.m */; };
		954D308D2E2852F900C7DC88 /* CHDataPoint.m in Sources */ = {isa = PBXBuildFile; fileRef = 954D30882E2852F900C7DC88 /* CHDataPoint.m */; };
		954D308E2E2852F900C7DC88 /* CHChartConfiguration.m in Sources */ = {isa = PBXBuildFile; fileRef = 954D308A2E2852F900C7DC88 /* CHChartConfiguration.m */; };
		954D308F2E2852F900C7DC88 /* CHChartData.m in Sources */ = {isa = PBXBuildFile; fileRef = 954D308C2E2852F900C7DC88 /* CHChartData.m */; };
		954D309A2E2852FF00C7DC88 /* CHChartTypes.m in Sources */ = {isa = PBXBuildFile; fileRef = 954D30972E2852FF00C7DC88 /* CHChartTypes.m */; };
		954D309B2E2852FF00C7DC88 /* CHChartRenderer.m in Sources */ = {isa = PBXBuildFile; fileRef = 954D30912E2852FF00C7DC88 /* CHChartRenderer.m */; };
		954D309C2E2852FF00C7DC88 /* CHChartWidget.m in Sources */ = {isa = PBXBuildFile; fileRef = 954D30992E2852FF00C7DC88 /* CHChartWidget.m */; };
		954D309D2E2852FF00C7DC88 /* CHChartCore.m in Sources */ = {isa = PBXBuildFile; fileRef = 954D30932E2852FF00C7DC88 /* CHChartCore.m */; };
		954D30A82E28530500C7DC88 /* WatchlistWidget.m in Sources */ = {isa = PBXBuildFile; fileRef = 954D30A62E28530500C7DC88 /* WatchlistWidget.m */; };
		954D30A92E28530500C7DC88 /* ConnectionStatusWidget.m in Sources */ = {isa = PBXBuildFile; fileRef = 954D309F2E28530500C7DC88 /* ConnectionStatusWidget.m */; };
		954D30AA2E28530500C7DC88 /* QuoteWidget.m in Sources */ = {isa = PBXBuildFile; fileRef = 954D30A22E28530500C7DC88 /* QuoteWidget.m */; };
		954D30AB2E28530500C7DC88 /* WatchlistManager.m in Sources */ = {isa = PBXBuildFile; fileRef = 954D30A42E28530500C7DC88 /* WatchlistManager.m */; };
		954D30B92E28530E00C7DC88 /* DownloadManager.m in Sources */ = {isa = PBXBuildFile; fileRef = 954D30B62E28530E00C7DC88 /* DownloadManager.m */; };
		954D30BA2E28530E00C7DC88 /* DataManager.m in Sources */ = {isa = PBXBuildFile; fileRef = 954D30B42E28530E00C7DC88 /* DataManager.m */; };
		954D30BB2E28530E00C7DC88 /* SchwabDataSource.m in Sources */ = {isa = PBXBuildFile; fileRef = 954D30B02E28530E00C7DC88 /* SchwabDataSource.m */; };
		954D30BC2E28530E00C7DC88 /* MarketDataModels.m in Sources */ = {isa = PBXBuildFile; fileRef = 954D30B82E28530E00C7DC88 /* MarketDataModels.m */; };
		954D30BD2E28530E00C7DC88 /* YahooDataSource.m in Sources */ = {isa = PBXBuildFile; fileRef = 954D30B22E28530E00C7DC88 /* YahooDataSource.m */; };
		954D30BE2E28530E00C7DC88 /* SchwabConfig.plist in Resources */ = {isa = PBXBuildFile; fileRef = 954D30AE2E28530E00C7DC88 /* SchwabConfig.plist */; };
		954D30D42E28531C00C7DC88 /* WidgetContainerView.m in Sources */ = {isa = PBXBuildFile; fileRef = 954D30C62E28531C00C7DC88 /* WidgetContainerView.m */; };
		954D30D52E28531C00C7DC88 /* LayoutManager.m in Sources */ = {isa = PBXBuildFile; fileRef = 954D30CA2E28531C00C7DC88 /* LayoutManager.m */; };
		954D30D62E28531C00C7DC88 /* WidgetTypeManager.m in Sources */ = {isa = PBXBuildFile; fileRef = 954D30C22E28531C00C7DC88 /* WidgetTypeManager.m */; };
		954D30D72E28531C00C7DC88 /* ToolbarController.m in Sources */ = {isa = PBXBuildFile; fileRef = 954D30C82E28531C00C7DC88 /* ToolbarController.m */; };
		954D30D82E28531C00C7DC88 /* PanelHeaderView.m in Sources */ = {isa = PBXBuildFile; fileRef = 954D30C42E28531C00C7DC88 /* PanelHeaderView.m */; };
		954D30D92E28531C00C7DC88 /* BaseWidget.m in Sources */ = {isa = PBXBuildFile; fileRef = 954D30CC2E28531C00C7DC88 /* BaseWidget.m */; };
		954D30DA2E28531C00C7DC88 /* PanelController.m in Sources */ = {isa = PBXBuildFile; fileRef = 954D30CF2E28531C00C7DC88 /* PanelController.m */; };
		954D30DB2E28531C00C7DC88 /* MainWindowController.m in Sources */ = {isa = PBXBuildFile; fileRef = 954D30D22E28531C00C7DC88 /* MainWindowController.m */; };
		954D30DD2E28531C00C7DC88 /* progettoinfo.txt in Resources */ = {isa = PBXBuildFile; fileRef = 954D30C02E28531C00C7DC88 /* progettoinfo.txt */; };
		954D30E32E2860F100C7DC88 /* PreferencesWindowController.m in Sources */ = {isa = PBXBuildFile; fileRef = 954D30E12E2860F100C7DC88 /* PreferencesWindowController.m */; };
		954D30E72E28612100C7DC88 /* AppSettings.m in Sources */ = {isa = PBXBuildFile; fileRef = 954D30E62E28612100C7DC88 /* AppSettings.m */; };
		954D310E2E291AE600C7DC88 /* MultiChartWidget.m in Sources */ = {isa = PBXBuildFile; fileRef = 954D310B2E291AE600C7DC88 /* MultiChartWidget.m */; };
		954D31112E291C8600C7DC88 /* MiniChart.m in Sources */ = {isa = PBXBuildFile; fileRef = 954D31102E291C8600C7DC88 /* MiniChart.m */; };
/* End PBXBuildFile section */

/* Begin PBXContainerItemProxy section */
		954D30132E28514B00C7DC88 /* PBXContainerItemProxy */ = {
			isa = PBXContainerItemProxy;
			containerPortal = 954D2FF82E28514A00C7DC88 /* Project object */;
			proxyType = 1;
			remoteGlobalIDString = 954D2FFF2E28514A00C7DC88;
			remoteInfo = mafia_AI;
		};
		954D301D2E28514C00C7DC88 /* PBXContainerItemProxy */ = {
			isa = PBXContainerItemProxy;
			containerPortal = 954D2FF82E28514A00C7DC88 /* Project object */;
			proxyType = 1;
			remoteGlobalIDString = 954D2FFF2E28514A00C7DC88;
			remoteInfo = mafia_AI;
		};
/* End PBXContainerItemProxy section */

/* Begin PBXFileReference section */
		954D30002E28514A00C7DC88 /* mafia_AI.app */ = {isa = PBXFileReference; explicitFileType = wrapper.application; includeInIndex = 0; path = mafia_AI.app; sourceTree = BUILT_PRODUCTS_DIR; };
		954D30122E28514B00C7DC88 /* mafia_AITests.xctest */ = {isa = PBXFileReference; explicitFileType = wrapper.cfbundle; includeInIndex = 0; path = mafia_AITests.xctest; sourceTree = BUILT_PRODUCTS_DIR; };
		954D301C2E28514C00C7DC88 /* mafia_AIUITests.xctest */ = {isa = PBXFileReference; explicitFileType = wrapper.cfbundle; includeInIndex = 0; path = mafia_AIUITests.xctest; sourceTree = BUILT_PRODUCTS_DIR; };
		954D30632E2852DF00C7DC88 /* AlertEditWindowController.h */ = {isa = PBXFileReference; lastKnownFileType = sourcecode.c.h; path = AlertEditWindowController.h; sourceTree = "<group>"; };
		954D30642E2852DF00C7DC88 /* AlertEditWindowController.m */ = {isa = PBXFileReference; lastKnownFileType = sourcecode.c.objc; path = AlertEditWindowController.m; sourceTree = "<group>"; };
		954D30652E2852DF00C7DC88 /* AlertEntry.h */ = {isa = PBXFileReference; lastKnownFileType = sourcecode.c.h; path = AlertEntry.h; sourceTree = "<group>"; };
		954D30662E2852DF00C7DC88 /* AlertEntry.m */ = {isa = PBXFileReference; lastKnownFileType = sourcecode.c.objc; path = AlertEntry.m; sourceTree = "<group>"; };
		954D30672E2852DF00C7DC88 /* AlertManager.h */ = {isa = PBXFileReference; lastKnownFileType = sourcecode.c.h; path = AlertManager.h; sourceTree = "<group>"; };
		954D30682E2852DF00C7DC88 /* AlertManager.m */ = {isa = PBXFileReference; lastKnownFileType = sourcecode.c.objc; path = AlertManager.m; sourceTree = "<group>"; };
		954D30692E2852DF00C7DC88 /* AlertWidget.h */ = {isa = PBXFileReference; lastKnownFileType = sourcecode.c.h; path = AlertWidget.h; sourceTree = "<group>"; };
		954D306A2E2852DF00C7DC88 /* AlertWidget.m */ = {isa = PBXFileReference; lastKnownFileType = sourcecode.c.objc; path = AlertWidget.m; sourceTree = "<group>"; };
		954D306F2E2852E400C7DC88 /* NSBezierPath+CHAdditions.h */ = {isa = PBXFileReference; lastKnownFileType = sourcecode.c.h; path = "NSBezierPath+CHAdditions.h"; sourceTree = "<group>"; };
		954D30702E2852E400C7DC88 /* NSBezierPath+CHAdditions.m */ = {isa = PBXFileReference; lastKnownFileType = sourcecode.c.objc; path = "NSBezierPath+CHAdditions.m"; sourceTree = "<group>"; };
		954D30712E2852E400C7DC88 /* NSColor+CHAdditions.h */ = {isa = PBXFileReference; lastKnownFileType = sourcecode.c.h; path = "NSColor+CHAdditions.h"; sourceTree = "<group>"; };
		954D30722E2852E400C7DC88 /* NSColor+CHAdditions.m */ = {isa = PBXFileReference; lastKnownFileType = sourcecode.c.objc; path = "NSColor+CHAdditions.m"; sourceTree = "<group>"; };
		954D30752E2852EA00C7DC88 /* CHChartUtils.h */ = {isa = PBXFileReference; lastKnownFileType = sourcecode.c.h; path = CHChartUtils.h; sourceTree = "<group>"; };
		954D30762E2852EA00C7DC88 /* CHChartUtils.m */ = {isa = PBXFileReference; lastKnownFileType = sourcecode.c.objc; path = CHChartUtils.m; sourceTree = "<group>"; };
		954D30772E2852EA00C7DC88 /* CHColorUtils.h */ = {isa = PBXFileReference; lastKnownFileType = sourcecode.c.h; path = CHColorUtils.h; sourceTree = "<group>"; };
		954D30782E2852EA00C7DC88 /* CHColorUtils.m */ = {isa = PBXFileReference; lastKnownFileType = sourcecode.c.objc; path = CHColorUtils.m; sourceTree = "<group>"; };
		954D307B2E2852F000C7DC88 /* CHLineChartRenderer.h */ = {isa = PBXFileReference; lastKnownFileType = sourcecode.c.h; path = CHLineChartRenderer.h; sourceTree = "<group>"; };
		954D307C2E2852F000C7DC88 /* CHLineChartRenderer.m */ = {isa = PBXFileReference; lastKnownFileType = sourcecode.c.objc; path = CHLineChartRenderer.m; sourceTree = "<group>"; };
		954D307D2E2852F000C7DC88 /* CHBarChartRenderer.h */ = {isa = PBXFileReference; lastKnownFileType = sourcecode.c.h; path = CHBarChartRenderer.h; sourceTree = "<group>"; };
		954D307E2E2852F000C7DC88 /* CHBarChartRenderer.m */ = {isa = PBXFileReference; lastKnownFileType = sourcecode.c.objc; path = CHBarChartRenderer.m; sourceTree = "<group>"; };
		954D30812E2852F400C7DC88 /* CHChartView.h */ = {isa = PBXFileReference; lastKnownFileType = sourcecode.c.h; path = CHChartView.h; sourceTree = "<group>"; };
		954D30822E2852F400C7DC88 /* CHChartView.m */ = {isa = PBXFileReference; lastKnownFileType = sourcecode.c.objc; path = CHChartView.m; sourceTree = "<group>"; };
		954D30832E2852F400C7DC88 /* CHChartLayer.h */ = {isa = PBXFileReference; lastKnownFileType = sourcecode.c.h; path = CHChartLayer.h; sourceTree = "<group>"; };
		954D30842E2852F400C7DC88 /* CHChartLayer.m */ = {isa = PBXFileReference; lastKnownFileType = sourcecode.c.objc; path = CHChartLayer.m; sourceTree = "<group>"; };
		954D30872E2852F900C7DC88 /* CHDataPoint.h */ = {isa = PBXFileReference; lastKnownFileType = sourcecode.c.h; path = CHDataPoint.h; sourceTree = "<group>"; };
		954D30882E2852F900C7DC88 /* CHDataPoint.m */ = {isa = PBXFileReference; lastKnownFileType = sourcecode.c.objc; path = CHDataPoint.m; sourceTree = "<group>"; };
		954D30892E2852F900C7DC88 /* CHChartConfiguration.h */ = {isa = PBXFileReference; lastKnownFileType = sourcecode.c.h; path = CHChartConfiguration.h; sourceTree = "<group>"; };
		954D308A2E2852F900C7DC88 /* CHChartConfiguration.m */ = {isa = PBXFileReference; lastKnownFileType = sourcecode.c.objc; path = CHChartConfiguration.m; sourceTree = "<group>"; };
		954D308B2E2852F900C7DC88 /* CHChartData.h */ = {isa = PBXFileReference; lastKnownFileType = sourcecode.c.h; path = CHChartData.h; sourceTree = "<group>"; };
		954D308C2E2852F900C7DC88 /* CHChartData.m */ = {isa = PBXFileReference; lastKnownFileType = sourcecode.c.objc; path = CHChartData.m; sourceTree = "<group>"; };
		954D30902E2852FF00C7DC88 /* CHChartRenderer.h */ = {isa = PBXFileReference; lastKnownFileType = sourcecode.c.h; path = CHChartRenderer.h; sourceTree = "<group>"; };
		954D30912E2852FF00C7DC88 /* CHChartRenderer.m */ = {isa = PBXFileReference; lastKnownFileType = sourcecode.c.objc; path = CHChartRenderer.m; sourceTree = "<group>"; };
		954D30922E2852FF00C7DC88 /* CHChartCore.h */ = {isa = PBXFileReference; lastKnownFileType = sourcecode.c.h; path = CHChartCore.h; sourceTree = "<group>"; };
		954D30932E2852FF00C7DC88 /* CHChartCore.m */ = {isa = PBXFileReference; lastKnownFileType = sourcecode.c.objc; path = CHChartCore.m; sourceTree = "<group>"; };
		954D30942E2852FF00C7DC88 /* CHChartDataSource.h */ = {isa = PBXFileReference; lastKnownFileType = sourcecode.c.h; path = CHChartDataSource.h; sourceTree = "<group>"; };
		954D30952E2852FF00C7DC88 /* CHChartDelegate.h */ = {isa = PBXFileReference; lastKnownFileType = sourcecode.c.h; path = CHChartDelegate.h; sourceTree = "<group>"; };
		954D30962E2852FF00C7DC88 /* CHChartTypes.h */ = {isa = PBXFileReference; lastKnownFileType = sourcecode.c.h; path = CHChartTypes.h; sourceTree = "<group>"; };
		954D30972E2852FF00C7DC88 /* CHChartTypes.m */ = {isa = PBXFileReference; lastKnownFileType = sourcecode.c.objc; path = CHChartTypes.m; sourceTree = "<group>"; };
		954D30982E2852FF00C7DC88 /* CHChartWidget.h */ = {isa = PBXFileReference; lastKnownFileType = sourcecode.c.h; path = CHChartWidget.h; sourceTree = "<group>"; };
		954D30992E2852FF00C7DC88 /* CHChartWidget.m */ = {isa = PBXFileReference; lastKnownFileType = sourcecode.c.objc; path = CHChartWidget.m; sourceTree = "<group>"; };
		954D309E2E28530500C7DC88 /* ConnectionStatusWidget.h */ = {isa = PBXFileReference; lastKnownFileType = sourcecode.c.h; path = ConnectionStatusWidget.h; sourceTree = "<group>"; };
		954D309F2E28530500C7DC88 /* ConnectionStatusWidget.m */ = {isa = PBXFileReference; lastKnownFileType = sourcecode.c.objc; path = ConnectionStatusWidget.m; sourceTree = "<group>"; };
		954D30A12E28530500C7DC88 /* QuoteWidget.h */ = {isa = PBXFileReference; lastKnownFileType = sourcecode.c.h; path = QuoteWidget.h; sourceTree = "<group>"; };
		954D30A22E28530500C7DC88 /* QuoteWidget.m */ = {isa = PBXFileReference; lastKnownFileType = sourcecode.c.objc; path = QuoteWidget.m; sourceTree = "<group>"; };
		954D30A32E28530500C7DC88 /* WatchlistManager.h */ = {isa = PBXFileReference; lastKnownFileType = sourcecode.c.h; path = WatchlistManager.h; sourceTree = "<group>"; };
		954D30A42E28530500C7DC88 /* WatchlistManager.m */ = {isa = PBXFileReference; lastKnownFileType = sourcecode.c.objc; path = WatchlistManager.m; sourceTree = "<group>"; };
		954D30A52E28530500C7DC88 /* WatchlistWidget.h */ = {isa = PBXFileReference; lastKnownFileType = sourcecode.c.h; path = WatchlistWidget.h; sourceTree = "<group>"; };
		954D30A62E28530500C7DC88 /* WatchlistWidget.m */ = {isa = PBXFileReference; lastKnownFileType = sourcecode.c.objc; path = WatchlistWidget.m; sourceTree = "<group>"; };
		954D30AE2E28530E00C7DC88 /* SchwabConfig.plist */ = {isa = PBXFileReference; lastKnownFileType = text.plist.xml; path = SchwabConfig.plist; sourceTree = "<group>"; };
		954D30AF2E28530E00C7DC88 /* SchwabDataSource.h */ = {isa = PBXFileReference; lastKnownFileType = sourcecode.c.h; path = SchwabDataSource.h; sourceTree = "<group>"; };
		954D30B02E28530E00C7DC88 /* SchwabDataSource.m */ = {isa = PBXFileReference; lastKnownFileType = sourcecode.c.objc; path = SchwabDataSource.m; sourceTree = "<group>"; };
		954D30B12E28530E00C7DC88 /* YahooDataSource.h */ = {isa = PBXFileReference; lastKnownFileType = sourcecode.c.h; path = YahooDataSource.h; sourceTree = "<group>"; };
		954D30B22E28530E00C7DC88 /* YahooDataSource.m */ = {isa = PBXFileReference; lastKnownFileType = sourcecode.c.objc; path = YahooDataSource.m; sourceTree = "<group>"; };
		954D30B32E28530E00C7DC88 /* DataManager.h */ = {isa = PBXFileReference; lastKnownFileType = sourcecode.c.h; path = DataManager.h; sourceTree = "<group>"; };
		954D30B42E28530E00C7DC88 /* DataManager.m */ = {isa = PBXFileReference; lastKnownFileType = sourcecode.c.objc; path = DataManager.m; sourceTree = "<group>"; };
		954D30B52E28530E00C7DC88 /* DownloadManager.h */ = {isa = PBXFileReference; lastKnownFileType = sourcecode.c.h; path = DownloadManager.h; sourceTree = "<group>"; };
		954D30B62E28530E00C7DC88 /* DownloadManager.m */ = {isa = PBXFileReference; lastKnownFileType = sourcecode.c.objc; path = DownloadManager.m; sourceTree = "<group>"; };
		954D30B72E28530E00C7DC88 /* MarketDataModels.h */ = {isa = PBXFileReference; lastKnownFileType = sourcecode.c.h; path = MarketDataModels.h; sourceTree = "<group>"; };
		954D30B82E28530E00C7DC88 /* MarketDataModels.m */ = {isa = PBXFileReference; lastKnownFileType = sourcecode.c.objc; path = MarketDataModels.m; sourceTree = "<group>"; };
		954D30BF2E28531C00C7DC88 /* TradingAppTypes.h */ = {isa = PBXFileReference; lastKnownFileType = sourcecode.c.h; path = TradingAppTypes.h; sourceTree = "<group>"; };
		954D30C02E28531C00C7DC88 /* progettoinfo.txt */ = {isa = PBXFileReference; lastKnownFileType = text; path = progettoinfo.txt; sourceTree = "<group>"; };
		954D30C12E28531C00C7DC88 /* WidgetTypeManager.h */ = {isa = PBXFileReference; lastKnownFileType = sourcecode.c.h; path = WidgetTypeManager.h; sourceTree = "<group>"; };
		954D30C22E28531C00C7DC88 /* WidgetTypeManager.m */ = {isa = PBXFileReference; lastKnownFileType = sourcecode.c.objc; path = WidgetTypeManager.m; sourceTree = "<group>"; };
		954D30C32E28531C00C7DC88 /* PanelHeaderView.h */ = {isa = PBXFileReference; lastKnownFileType = sourcecode.c.h; path = PanelHeaderView.h; sourceTree = "<group>"; };
		954D30C42E28531C00C7DC88 /* PanelHeaderView.m */ = {isa = PBXFileReference; lastKnownFileType = sourcecode.c.objc; path = PanelHeaderView.m; sourceTree = "<group>"; };
		954D30C52E28531C00C7DC88 /* WidgetContainerView.h */ = {isa = PBXFileReference; lastKnownFileType = sourcecode.c.h; path = WidgetContainerView.h; sourceTree = "<group>"; };
		954D30C62E28531C00C7DC88 /* WidgetContainerView.m */ = {isa = PBXFileReference; lastKnownFileType = sourcecode.c.objc; path = WidgetContainerView.m; sourceTree = "<group>"; };
		954D30C72E28531C00C7DC88 /* ToolbarController.h */ = {isa = PBXFileReference; lastKnownFileType = sourcecode.c.h; path = ToolbarController.h; sourceTree = "<group>"; };
		954D30C82E28531C00C7DC88 /* ToolbarController.m */ = {isa = PBXFileReference; lastKnownFileType = sourcecode.c.objc; path = ToolbarController.m; sourceTree = "<group>"; };
		954D30C92E28531C00C7DC88 /* LayoutManager.h */ = {isa = PBXFileReference; lastKnownFileType = sourcecode.c.h; path = LayoutManager.h; sourceTree = "<group>"; };
		954D30CA2E28531C00C7DC88 /* LayoutManager.m */ = {isa = PBXFileReference; lastKnownFileType = sourcecode.c.objc; path = LayoutManager.m; sourceTree = "<group>"; };
		954D30CB2E28531C00C7DC88 /* BaseWidget.h */ = {isa = PBXFileReference; lastKnownFileType = sourcecode.c.h; path = BaseWidget.h; sourceTree = "<group>"; };
		954D30CC2E28531C00C7DC88 /* BaseWidget.m */ = {isa = PBXFileReference; lastKnownFileType = sourcecode.c.objc; path = BaseWidget.m; sourceTree = "<group>"; };
		954D30CE2E28531C00C7DC88 /* PanelController.h */ = {isa = PBXFileReference; lastKnownFileType = sourcecode.c.h; path = PanelController.h; sourceTree = "<group>"; };
		954D30CF2E28531C00C7DC88 /* PanelController.m */ = {isa = PBXFileReference; lastKnownFileType = sourcecode.c.objc; path = PanelController.m; sourceTree = "<group>"; };
		954D30D12E28531C00C7DC88 /* MainWindowController.h */ = {isa = PBXFileReference; lastKnownFileType = sourcecode.c.h; path = MainWindowController.h; sourceTree = "<group>"; };
		954D30D22E28531C00C7DC88 /* MainWindowController.m */ = {isa = PBXFileReference; lastKnownFileType = sourcecode.c.objc; path = MainWindowController.m; sourceTree = "<group>"; };
		954D30E02E2860F100C7DC88 /* PreferencesWindowController.h */ = {isa = PBXFileReference; lastKnownFileType = sourcecode.c.h; path = PreferencesWindowController.h; sourceTree = "<group>"; };
		954D30E12E2860F100C7DC88 /* PreferencesWindowController.m */ = {isa = PBXFileReference; lastKnownFileType = sourcecode.c.objc; path = PreferencesWindowController.m; sourceTree = "<group>"; };
		954D30E52E28612100C7DC88 /* AppSettings.h */ = {isa = PBXFileReference; lastKnownFileType = sourcecode.c.h; path = AppSettings.h; sourceTree = "<group>"; };
		954D30E62E28612100C7DC88 /* AppSettings.m */ = {isa = PBXFileReference; lastKnownFileType = sourcecode.c.objc; path = AppSettings.m; sourceTree = "<group>"; };
		954D310A2E291AE600C7DC88 /* MultiChartWidget.h */ = {isa = PBXFileReference; lastKnownFileType = sourcecode.c.h; path = MultiChartWidget.h; sourceTree = "<group>"; };
		954D310B2E291AE600C7DC88 /* MultiChartWidget.m */ = {isa = PBXFileReference; lastKnownFileType = sourcecode.c.objc; path = MultiChartWidget.m; sourceTree = "<group>"; };
		954D310F2E291C8600C7DC88 /* MiniChart.h */ = {isa = PBXFileReference; lastKnownFileType = sourcecode.c.h; path = MiniChart.h; sourceTree = "<group>"; };
		954D31102E291C8600C7DC88 /* MiniChart.m */ = {isa = PBXFileReference; lastKnownFileType = sourcecode.c.objc; path = MiniChart.m; sourceTree = "<group>"; };
/* End PBXFileReference section */

/* Begin PBXFileSystemSynchronizedRootGroup section */
		954D30022E28514A00C7DC88 /* mafia_AI */ = {
			isa = PBXFileSystemSynchronizedRootGroup;
			path = mafia_AI;
			sourceTree = "<group>";
		};
		954D30152E28514B00C7DC88 /* mafia_AITests */ = {
			isa = PBXFileSystemSynchronizedRootGroup;
			path = mafia_AITests;
			sourceTree = "<group>";
		};
		954D301F2E28514C00C7DC88 /* mafia_AIUITests */ = {
			isa = PBXFileSystemSynchronizedRootGroup;
			path = mafia_AIUITests;
			sourceTree = "<group>";
		};
/* End PBXFileSystemSynchronizedRootGroup section */

/* Begin PBXFrameworksBuildPhase section */
		954D2FFD2E28514A00C7DC88 /* Frameworks */ = {
			isa = PBXFrameworksBuildPhase;
			buildActionMask = 2147483647;
			files = (
			);
			runOnlyForDeploymentPostprocessing = 0;
		};
		954D300F2E28514B00C7DC88 /* Frameworks */ = {
			isa = PBXFrameworksBuildPhase;
			buildActionMask = 2147483647;
			files = (
			);
			runOnlyForDeploymentPostprocessing = 0;
		};
		954D30192E28514C00C7DC88 /* Frameworks */ = {
			isa = PBXFrameworksBuildPhase;
			buildActionMask = 2147483647;
			files = (
			);
			runOnlyForDeploymentPostprocessing = 0;
		};
/* End PBXFrameworksBuildPhase section */

/* Begin PBXGroup section */
		954D2FF72E28514A00C7DC88 = {
			isa = PBXGroup;
			children = (
				954D310F2E291C8600C7DC88 /* MiniChart.h */,
				954D31102E291C8600C7DC88 /* MiniChart.m */,
				954D310A2E291AE600C7DC88 /* MultiChartWidget.h */,
				954D310B2E291AE600C7DC88 /* MultiChartWidget.m */,
				954D30E52E28612100C7DC88 /* AppSettings.h */,
				954D30E62E28612100C7DC88 /* AppSettings.m */,
				954D30E02E2860F100C7DC88 /* PreferencesWindowController.h */,
				954D30E12E2860F100C7DC88 /* PreferencesWindowController.m */,
				954D30BF2E28531C00C7DC88 /* TradingAppTypes.h */,
				954D30C02E28531C00C7DC88 /* progettoinfo.txt */,
				954D30C12E28531C00C7DC88 /* WidgetTypeManager.h */,
				954D30C22E28531C00C7DC88 /* WidgetTypeManager.m */,
				954D30C32E28531C00C7DC88 /* PanelHeaderView.h */,
				954D30C42E28531C00C7DC88 /* PanelHeaderView.m */,
				954D30C52E28531C00C7DC88 /* WidgetContainerView.h */,
				954D30C62E28531C00C7DC88 /* WidgetContainerView.m */,
				954D30C72E28531C00C7DC88 /* ToolbarController.h */,
				954D30C82E28531C00C7DC88 /* ToolbarController.m */,
				954D30C92E28531C00C7DC88 /* LayoutManager.h */,
				954D30CA2E28531C00C7DC88 /* LayoutManager.m */,
				954D30CB2E28531C00C7DC88 /* BaseWidget.h */,
				954D30CC2E28531C00C7DC88 /* BaseWidget.m */,
				954D30CE2E28531C00C7DC88 /* PanelController.h */,
				954D30CF2E28531C00C7DC88 /* PanelController.m */,
				954D30D12E28531C00C7DC88 /* MainWindowController.h */,
				954D30D22E28531C00C7DC88 /* MainWindowController.m */,
				954D30AE2E28530E00C7DC88 /* SchwabConfig.plist */,
				954D30AF2E28530E00C7DC88 /* SchwabDataSource.h */,
				954D30B02E28530E00C7DC88 /* SchwabDataSource.m */,
				954D30B12E28530E00C7DC88 /* YahooDataSource.h */,
				954D30B22E28530E00C7DC88 /* YahooDataSource.m */,
				954D30B32E28530E00C7DC88 /* DataManager.h */,
				954D30B42E28530E00C7DC88 /* DataManager.m */,
				954D30B52E28530E00C7DC88 /* DownloadManager.h */,
				954D30B62E28530E00C7DC88 /* DownloadManager.m */,
				954D30B72E28530E00C7DC88 /* MarketDataModels.h */,
				954D30B82E28530E00C7DC88 /* MarketDataModels.m */,
				954D309E2E28530500C7DC88 /* ConnectionStatusWidget.h */,
				954D309F2E28530500C7DC88 /* ConnectionStatusWidget.m */,
				954D30A12E28530500C7DC88 /* QuoteWidget.h */,
				954D30A22E28530500C7DC88 /* QuoteWidget.m */,
				954D30A32E28530500C7DC88 /* WatchlistManager.h */,
				954D30A42E28530500C7DC88 /* WatchlistManager.m */,
				954D30A52E28530500C7DC88 /* WatchlistWidget.h */,
				954D30A62E28530500C7DC88 /* WatchlistWidget.m */,
				954D30902E2852FF00C7DC88 /* CHChartRenderer.h */,
				954D30912E2852FF00C7DC88 /* CHChartRenderer.m */,
				954D30922E2852FF00C7DC88 /* CHChartCore.h */,
				954D30932E2852FF00C7DC88 /* CHChartCore.m */,
				954D30942E2852FF00C7DC88 /* CHChartDataSource.h */,
				954D30952E2852FF00C7DC88 /* CHChartDelegate.h */,
				954D30962E2852FF00C7DC88 /* CHChartTypes.h */,
				954D30972E2852FF00C7DC88 /* CHChartTypes.m */,
				954D30982E2852FF00C7DC88 /* CHChartWidget.h */,
				954D30992E2852FF00C7DC88 /* CHChartWidget.m */,
				954D30872E2852F900C7DC88 /* CHDataPoint.h */,
				954D30882E2852F900C7DC88 /* CHDataPoint.m */,
				954D30892E2852F900C7DC88 /* CHChartConfiguration.h */,
				954D308A2E2852F900C7DC88 /* CHChartConfiguration.m */,
				954D308B2E2852F900C7DC88 /* CHChartData.h */,
				954D308C2E2852F900C7DC88 /* CHChartData.m */,
				954D30812E2852F400C7DC88 /* CHChartView.h */,
				954D30822E2852F400C7DC88 /* CHChartView.m */,
				954D30832E2852F400C7DC88 /* CHChartLayer.h */,
				954D30842E2852F400C7DC88 /* CHChartLayer.m */,
				954D307B2E2852F000C7DC88 /* CHLineChartRenderer.h */,
				954D307C2E2852F000C7DC88 /* CHLineChartRenderer.m */,
				954D307D2E2852F000C7DC88 /* CHBarChartRenderer.h */,
				954D307E2E2852F000C7DC88 /* CHBarChartRenderer.m */,
				954D30752E2852EA00C7DC88 /* CHChartUtils.h */,
				954D30762E2852EA00C7DC88 /* CHChartUtils.m */,
				954D30772E2852EA00C7DC88 /* CHColorUtils.h */,
				954D30782E2852EA00C7DC88 /* CHColorUtils.m */,
				954D306F2E2852E400C7DC88 /* NSBezierPath+CHAdditions.h */,
				954D30702E2852E400C7DC88 /* NSBezierPath+CHAdditions.m */,
				954D30712E2852E400C7DC88 /* NSColor+CHAdditions.h */,
				954D30722E2852E400C7DC88 /* NSColor+CHAdditions.m */,
				954D30632E2852DF00C7DC88 /* AlertEditWindowController.h */,
				954D30642E2852DF00C7DC88 /* AlertEditWindowController.m */,
				954D30652E2852DF00C7DC88 /* AlertEntry.h */,
				954D30662E2852DF00C7DC88 /* AlertEntry.m */,
				954D30672E2852DF00C7DC88 /* AlertManager.h */,
				954D30682E2852DF00C7DC88 /* AlertManager.m */,
				954D30692E2852DF00C7DC88 /* AlertWidget.h */,
				954D306A2E2852DF00C7DC88 /* AlertWidget.m */,
				954D30022E28514A00C7DC88 /* mafia_AI */,
				954D30152E28514B00C7DC88 /* mafia_AITests */,
				954D301F2E28514C00C7DC88 /* mafia_AIUITests */,
				954D30012E28514A00C7DC88 /* Products */,
			);
			sourceTree = "<group>";
		};
		954D30012E28514A00C7DC88 /* Products */ = {
			isa = PBXGroup;
			children = (
				954D30002E28514A00C7DC88 /* mafia_AI.app */,
				954D30122E28514B00C7DC88 /* mafia_AITests.xctest */,
				954D301C2E28514C00C7DC88 /* mafia_AIUITests.xctest */,
			);
			name = Products;
			sourceTree = "<group>";
		};
/* End PBXGroup section */

/* Begin PBXNativeTarget section */
		954D2FFF2E28514A00C7DC88 /* mafia_AI */ = {
			isa = PBXNativeTarget;
			buildConfigurationList = 954D30262E28514C00C7DC88 /* Build configuration list for PBXNativeTarget "mafia_AI" */;
			buildPhases = (
				954D2FFC2E28514A00C7DC88 /* Sources */,
				954D2FFD2E28514A00C7DC88 /* Frameworks */,
				954D2FFE2E28514A00C7DC88 /* Resources */,
			);
			buildRules = (
			);
			dependencies = (
			);
			fileSystemSynchronizedGroups = (
				954D30022E28514A00C7DC88 /* mafia_AI */,
			);
			name = mafia_AI;
			packageProductDependencies = (
			);
			productName = mafia_AI;
			productReference = 954D30002E28514A00C7DC88 /* mafia_AI.app */;
			productType = "com.apple.product-type.application";
		};
		954D30112E28514B00C7DC88 /* mafia_AITests */ = {
			isa = PBXNativeTarget;
			buildConfigurationList = 954D30292E28514C00C7DC88 /* Build configuration list for PBXNativeTarget "mafia_AITests" */;
			buildPhases = (
				954D300E2E28514B00C7DC88 /* Sources */,
				954D300F2E28514B00C7DC88 /* Frameworks */,
				954D30102E28514B00C7DC88 /* Resources */,
			);
			buildRules = (
			);
			dependencies = (
				954D30142E28514B00C7DC88 /* PBXTargetDependency */,
			);
			fileSystemSynchronizedGroups = (
				954D30152E28514B00C7DC88 /* mafia_AITests */,
			);
			name = mafia_AITests;
			packageProductDependencies = (
			);
			productName = mafia_AITests;
			productReference = 954D30122E28514B00C7DC88 /* mafia_AITests.xctest */;
			productType = "com.apple.product-type.bundle.unit-test";
		};
		954D301B2E28514C00C7DC88 /* mafia_AIUITests */ = {
			isa = PBXNativeTarget;
			buildConfigurationList = 954D302C2E28514C00C7DC88 /* Build configuration list for PBXNativeTarget "mafia_AIUITests" */;
			buildPhases = (
				954D30182E28514C00C7DC88 /* Sources */,
				954D30192E28514C00C7DC88 /* Frameworks */,
				954D301A2E28514C00C7DC88 /* Resources */,
			);
			buildRules = (
			);
			dependencies = (
				954D301E2E28514C00C7DC88 /* PBXTargetDependency */,
			);
			fileSystemSynchronizedGroups = (
				954D301F2E28514C00C7DC88 /* mafia_AIUITests */,
			);
			name = mafia_AIUITests;
			packageProductDependencies = (
			);
			productName = mafia_AIUITests;
			productReference = 954D301C2E28514C00C7DC88 /* mafia_AIUITests.xctest */;
			productType = "com.apple.product-type.bundle.ui-testing";
		};
/* End PBXNativeTarget section */

/* Begin PBXProject section */
		954D2FF82E28514A00C7DC88 /* Project object */ = {
			isa = PBXProject;
			attributes = {
				BuildIndependentTargetsInParallel = 1;
				LastUpgradeCheck = 1620;
				TargetAttributes = {
					954D2FFF2E28514A00C7DC88 = {
						CreatedOnToolsVersion = 16.2;
					};
					954D30112E28514B00C7DC88 = {
						CreatedOnToolsVersion = 16.2;
						TestTargetID = 954D2FFF2E28514A00C7DC88;
					};
					954D301B2E28514C00C7DC88 = {
						CreatedOnToolsVersion = 16.2;
						TestTargetID = 954D2FFF2E28514A00C7DC88;
					};
				};
			};
			buildConfigurationList = 954D2FFB2E28514A00C7DC88 /* Build configuration list for PBXProject "mafia_AI" */;
			developmentRegion = en;
			hasScannedForEncodings = 0;
			knownRegions = (
				en,
				Base,
			);
			mainGroup = 954D2FF72E28514A00C7DC88;
			minimizedProjectReferenceProxies = 1;
			preferredProjectObjectVersion = 77;
			productRefGroup = 954D30012E28514A00C7DC88 /* Products */;
			projectDirPath = "";
			projectRoot = "";
			targets = (
				954D2FFF2E28514A00C7DC88 /* mafia_AI */,
				954D30112E28514B00C7DC88 /* mafia_AITests */,
				954D301B2E28514C00C7DC88 /* mafia_AIUITests */,
			);
		};
/* End PBXProject section */

/* Begin PBXResourcesBuildPhase section */
		954D2FFE2E28514A00C7DC88 /* Resources */ = {
			isa = PBXResourcesBuildPhase;
			buildActionMask = 2147483647;
			files = (
				954D30DD2E28531C00C7DC88 /* progettoinfo.txt in Resources */,
				954D30BE2E28530E00C7DC88 /* SchwabConfig.plist in Resources */,
			);
			runOnlyForDeploymentPostprocessing = 0;
		};
		954D30102E28514B00C7DC88 /* Resources */ = {
			isa = PBXResourcesBuildPhase;
			buildActionMask = 2147483647;
			files = (
			);
			runOnlyForDeploymentPostprocessing = 0;
		};
		954D301A2E28514C00C7DC88 /* Resources */ = {
			isa = PBXResourcesBuildPhase;
			buildActionMask = 2147483647;
			files = (
			);
			runOnlyForDeploymentPostprocessing = 0;
		};
/* End PBXResourcesBuildPhase section */

/* Begin PBXSourcesBuildPhase section */
		954D2FFC2E28514A00C7DC88 /* Sources */ = {
			isa = PBXSourcesBuildPhase;
			buildActionMask = 2147483647;
			files = (
				954D309A2E2852FF00C7DC88 /* CHChartTypes.m in Sources */,
				954D31112E291C8600C7DC88 /* MiniChart.m in Sources */,
				954D309B2E2852FF00C7DC88 /* CHChartRenderer.m in Sources */,
				954D309C2E2852FF00C7DC88 /* CHChartWidget.m in Sources */,
				954D309D2E2852FF00C7DC88 /* CHChartCore.m in Sources */,
				954D306B2E2852DF00C7DC88 /* AlertEditWindowController.m in Sources */,
				954D30852E2852F400C7DC88 /* CHChartLayer.m in Sources */,
				954D30862E2852F400C7DC88 /* CHChartView.m in Sources */,
				954D306C2E2852DF00C7DC88 /* AlertEntry.m in Sources */,
				954D306D2E2852DF00C7DC88 /* AlertWidget.m in Sources */,
				954D306E2E2852DF00C7DC88 /* AlertManager.m in Sources */,
				954D30732E2852E400C7DC88 /* NSColor+CHAdditions.m in Sources */,
				954D30792E2852EA00C7DC88 /* CHColorUtils.m in Sources */,
				954D307F2E2852F000C7DC88 /* CHBarChartRenderer.m in Sources */,
				954D30E32E2860F100C7DC88 /* PreferencesWindowController.m in Sources */,
				954D30802E2852F000C7DC88 /* CHLineChartRenderer.m in Sources */,
				954D308D2E2852F900C7DC88 /* CHDataPoint.m in Sources */,
				954D30A82E28530500C7DC88 /* WatchlistWidget.m in Sources */,
				954D30A92E28530500C7DC88 /* ConnectionStatusWidget.m in Sources */,
				954D30E72E28612100C7DC88 /* AppSettings.m in Sources */,
				954D30AA2E28530500C7DC88 /* QuoteWidget.m in Sources */,
				954D30AB2E28530500C7DC88 /* WatchlistManager.m in Sources */,
				954D308E2E2852F900C7DC88 /* CHChartConfiguration.m in Sources */,
				954D308F2E2852F900C7DC88 /* CHChartData.m in Sources */,
				954D307A2E2852EA00C7DC88 /* CHChartUtils.m in Sources */,
				954D30742E2852E400C7DC88 /* NSBezierPath+CHAdditions.m in Sources */,
				954D30B92E28530E00C7DC88 /* DownloadManager.m in Sources */,
				954D30BA2E28530E00C7DC88 /* DataManager.m in Sources */,
				954D30D42E28531C00C7DC88 /* WidgetContainerView.m in Sources */,
				954D30D52E28531C00C7DC88 /* LayoutManager.m in Sources */,
				954D30D62E28531C00C7DC88 /* WidgetTypeManager.m in Sources */,
				954D30D72E28531C00C7DC88 /* ToolbarController.m in Sources */,
				954D30D82E28531C00C7DC88 /* PanelHeaderView.m in Sources */,
				954D310E2E291AE600C7DC88 /* MultiChartWidget.m in Sources */,
				954D30D92E28531C00C7DC88 /* BaseWidget.m in Sources */,
				954D30DA2E28531C00C7DC88 /* PanelController.m in Sources */,
				954D30DB2E28531C00C7DC88 /* MainWindowController.m in Sources */,
				954D30BB2E28530E00C7DC88 /* SchwabDataSource.m in Sources */,
				954D30BC2E28530E00C7DC88 /* MarketDataModels.m in Sources */,
				954D30BD2E28530E00C7DC88 /* YahooDataSource.m in Sources */,
			);
			runOnlyForDeploymentPostprocessing = 0;
		};
		954D300E2E28514B00C7DC88 /* Sources */ = {
			isa = PBXSourcesBuildPhase;
			buildActionMask = 2147483647;
			files = (
			);
			runOnlyForDeploymentPostprocessing = 0;
		};
		954D30182E28514C00C7DC88 /* Sources */ = {
			isa = PBXSourcesBuildPhase;
			buildActionMask = 2147483647;
			files = (
			);
			runOnlyForDeploymentPostprocessing = 0;
		};
/* End PBXSourcesBuildPhase section */

/* Begin PBXTargetDependency section */
		954D30142E28514B00C7DC88 /* PBXTargetDependency */ = {
			isa = PBXTargetDependency;
			target = 954D2FFF2E28514A00C7DC88 /* mafia_AI */;
			targetProxy = 954D30132E28514B00C7DC88 /* PBXContainerItemProxy */;
		};
		954D301E2E28514C00C7DC88 /* PBXTargetDependency */ = {
			isa = PBXTargetDependency;
			target = 954D2FFF2E28514A00C7DC88 /* mafia_AI */;
			targetProxy = 954D301D2E28514C00C7DC88 /* PBXContainerItemProxy */;
		};
/* End PBXTargetDependency section */

/* Begin XCBuildConfiguration section */
		954D30242E28514C00C7DC88 /* Debug */ = {
			isa = XCBuildConfiguration;
			buildSettings = {
				ALWAYS_SEARCH_USER_PATHS = NO;
				ASSETCATALOG_COMPILER_GENERATE_SWIFT_ASSET_SYMBOL_EXTENSIONS = YES;
				CLANG_ANALYZER_NONNULL = YES;
				CLANG_ANALYZER_NUMBER_OBJECT_CONVERSION = YES_AGGRESSIVE;
				CLANG_CXX_LANGUAGE_STANDARD = "gnu++20";
				CLANG_ENABLE_MODULES = YES;
				CLANG_ENABLE_OBJC_ARC = YES;
				CLANG_ENABLE_OBJC_WEAK = YES;
				CLANG_WARN_BLOCK_CAPTURE_AUTORELEASING = YES;
				CLANG_WARN_BOOL_CONVERSION = YES;
				CLANG_WARN_COMMA = YES;
				CLANG_WARN_CONSTANT_CONVERSION = YES;
				CLANG_WARN_DEPRECATED_OBJC_IMPLEMENTATIONS = YES;
				CLANG_WARN_DIRECT_OBJC_ISA_USAGE = YES_ERROR;
				CLANG_WARN_DOCUMENTATION_COMMENTS = YES;
				CLANG_WARN_EMPTY_BODY = YES;
				CLANG_WARN_ENUM_CONVERSION = YES;
				CLANG_WARN_INFINITE_RECURSION = YES;
				CLANG_WARN_INT_CONVERSION = YES;
				CLANG_WARN_NON_LITERAL_NULL_CONVERSION = YES;
				CLANG_WARN_OBJC_IMPLICIT_RETAIN_SELF = YES;
				CLANG_WARN_OBJC_LITERAL_CONVERSION = YES;
				CLANG_WARN_OBJC_ROOT_CLASS = YES_ERROR;
				CLANG_WARN_QUOTED_INCLUDE_IN_FRAMEWORK_HEADER = YES;
				CLANG_WARN_RANGE_LOOP_ANALYSIS = YES;
				CLANG_WARN_STRICT_PROTOTYPES = YES;
				CLANG_WARN_SUSPICIOUS_MOVE = YES;
				CLANG_WARN_UNGUARDED_AVAILABILITY = YES_AGGRESSIVE;
				CLANG_WARN_UNREACHABLE_CODE = YES;
				CLANG_WARN__DUPLICATE_METHOD_MATCH = YES;
				COPY_PHASE_STRIP = NO;
				DEBUG_INFORMATION_FORMAT = dwarf;
				ENABLE_STRICT_OBJC_MSGSEND = YES;
				ENABLE_TESTABILITY = YES;
				ENABLE_USER_SCRIPT_SANDBOXING = YES;
				GCC_C_LANGUAGE_STANDARD = gnu17;
				GCC_DYNAMIC_NO_PIC = NO;
				GCC_NO_COMMON_BLOCKS = YES;
				GCC_OPTIMIZATION_LEVEL = 0;
				GCC_PREPROCESSOR_DEFINITIONS = (
					"DEBUG=1",
					"$(inherited)",
				);
				GCC_WARN_64_TO_32_BIT_CONVERSION = YES;
				GCC_WARN_ABOUT_RETURN_TYPE = YES_ERROR;
				GCC_WARN_UNDECLARED_SELECTOR = YES;
				GCC_WARN_UNINITIALIZED_AUTOS = YES_AGGRESSIVE;
				GCC_WARN_UNUSED_FUNCTION = YES;
				GCC_WARN_UNUSED_VARIABLE = YES;
				LOCALIZATION_PREFERS_STRING_CATALOGS = YES;
				MACOSX_DEPLOYMENT_TARGET = 15.2;
				MTL_ENABLE_DEBUG_INFO = INCLUDE_SOURCE;
				MTL_FAST_MATH = YES;
				ONLY_ACTIVE_ARCH = YES;
				SDKROOT = macosx;
			};
			name = Debug;
		};
		954D30252E28514C00C7DC88 /* Release */ = {
			isa = XCBuildConfiguration;
			buildSettings = {
				ALWAYS_SEARCH_USER_PATHS = NO;
				ASSETCATALOG_COMPILER_GENERATE_SWIFT_ASSET_SYMBOL_EXTENSIONS = YES;
				CLANG_ANALYZER_NONNULL = YES;
				CLANG_ANALYZER_NUMBER_OBJECT_CONVERSION = YES_AGGRESSIVE;
				CLANG_CXX_LANGUAGE_STANDARD = "gnu++20";
				CLANG_ENABLE_MODULES = YES;
				CLANG_ENABLE_OBJC_ARC = YES;
				CLANG_ENABLE_OBJC_WEAK = YES;
				CLANG_WARN_BLOCK_CAPTURE_AUTORELEASING = YES;
				CLANG_WARN_BOOL_CONVERSION = YES;
				CLANG_WARN_COMMA = YES;
				CLANG_WARN_CONSTANT_CONVERSION = YES;
				CLANG_WARN_DEPRECATED_OBJC_IMPLEMENTATIONS = YES;
				CLANG_WARN_DIRECT_OBJC_ISA_USAGE = YES_ERROR;
				CLANG_WARN_DOCUMENTATION_COMMENTS = YES;
				CLANG_WARN_EMPTY_BODY = YES;
				CLANG_WARN_ENUM_CONVERSION = YES;
				CLANG_WARN_INFINITE_RECURSION = YES;
				CLANG_WARN_INT_CONVERSION = YES;
				CLANG_WARN_NON_LITERAL_NULL_CONVERSION = YES;
				CLANG_WARN_OBJC_IMPLICIT_RETAIN_SELF = YES;
				CLANG_WARN_OBJC_LITERAL_CONVERSION = YES;
				CLANG_WARN_OBJC_ROOT_CLASS = YES_ERROR;
				CLANG_WARN_QUOTED_INCLUDE_IN_FRAMEWORK_HEADER = YES;
				CLANG_WARN_RANGE_LOOP_ANALYSIS = YES;
				CLANG_WARN_STRICT_PROTOTYPES = YES;
				CLANG_WARN_SUSPICIOUS_MOVE = YES;
				CLANG_WARN_UNGUARDED_AVAILABILITY = YES_AGGRESSIVE;
				CLANG_WARN_UNREACHABLE_CODE = YES;
				CLANG_WARN__DUPLICATE_METHOD_MATCH = YES;
				COPY_PHASE_STRIP = NO;
				DEBUG_INFORMATION_FORMAT = "dwarf-with-dsym";
				ENABLE_NS_ASSERTIONS = NO;
				ENABLE_STRICT_OBJC_MSGSEND = YES;
				ENABLE_USER_SCRIPT_SANDBOXING = YES;
				GCC_C_LANGUAGE_STANDARD = gnu17;
				GCC_NO_COMMON_BLOCKS = YES;
				GCC_WARN_64_TO_32_BIT_CONVERSION = YES;
				GCC_WARN_ABOUT_RETURN_TYPE = YES_ERROR;
				GCC_WARN_UNDECLARED_SELECTOR = YES;
				GCC_WARN_UNINITIALIZED_AUTOS = YES_AGGRESSIVE;
				GCC_WARN_UNUSED_FUNCTION = YES;
				GCC_WARN_UNUSED_VARIABLE = YES;
				LOCALIZATION_PREFERS_STRING_CATALOGS = YES;
				MACOSX_DEPLOYMENT_TARGET = 15.2;
				MTL_ENABLE_DEBUG_INFO = NO;
				MTL_FAST_MATH = YES;
				SDKROOT = macosx;
			};
			name = Release;
		};
		954D30272E28514C00C7DC88 /* Debug */ = {
			isa = XCBuildConfiguration;
			buildSettings = {
				ASSETCATALOG_COMPILER_APPICON_NAME = AppIcon;
				ASSETCATALOG_COMPILER_GLOBAL_ACCENT_COLOR_NAME = AccentColor;
				CODE_SIGN_ENTITLEMENTS = mafia_AI/mafia_AI.entitlements;
				"CODE_SIGN_IDENTITY[sdk=macosx*]" = "Apple Development";
				CODE_SIGN_STYLE = Automatic;
				COMBINE_HIDPI_IMAGES = YES;
				CURRENT_PROJECT_VERSION = 1;
				DEVELOPMENT_TEAM = 9MQCP92JDR;
				ENABLE_HARDENED_RUNTIME = YES;
				GENERATE_INFOPLIST_FILE = YES;
				INFOPLIST_KEY_LSApplicationCategoryType = "public.app-category.finance";
				INFOPLIST_KEY_NSHumanReadableCopyright = "";
				INFOPLIST_KEY_NSMainNibFile = MainMenu;
				INFOPLIST_KEY_NSPrincipalClass = NSApplication;
				LD_RUNPATH_SEARCH_PATHS = (
					"$(inherited)",
					"@executable_path/../Frameworks",
				);
				MARKETING_VERSION = 1.0;
				PRODUCT_BUNDLE_IDENTIFIER = "w.mafia-AI";
				PRODUCT_NAME = "$(TARGET_NAME)";
				SWIFT_EMIT_LOC_STRINGS = YES;
			};
			name = Debug;
		};
		954D30282E28514C00C7DC88 /* Release */ = {
			isa = XCBuildConfiguration;
			buildSettings = {
				ASSETCATALOG_COMPILER_APPICON_NAME = AppIcon;
				ASSETCATALOG_COMPILER_GLOBAL_ACCENT_COLOR_NAME = AccentColor;
				CODE_SIGN_ENTITLEMENTS = mafia_AI/mafia_AI.entitlements;
				"CODE_SIGN_IDENTITY[sdk=macosx*]" = "Apple Development";
				CODE_SIGN_STYLE = Automatic;
				COMBINE_HIDPI_IMAGES = YES;
				CURRENT_PROJECT_VERSION = 1;
				DEVELOPMENT_TEAM = 9MQCP92JDR;
				ENABLE_HARDENED_RUNTIME = YES;
				GENERATE_INFOPLIST_FILE = YES;
				INFOPLIST_KEY_LSApplicationCategoryType = "public.app-category.finance";
				INFOPLIST_KEY_NSHumanReadableCopyright = "";
				INFOPLIST_KEY_NSMainNibFile = MainMenu;
				INFOPLIST_KEY_NSPrincipalClass = NSApplication;
				LD_RUNPATH_SEARCH_PATHS = (
					"$(inherited)",
					"@executable_path/../Frameworks",
				);
				MARKETING_VERSION = 1.0;
				PRODUCT_BUNDLE_IDENTIFIER = "w.mafia-AI";
				PRODUCT_NAME = "$(TARGET_NAME)";
				SWIFT_EMIT_LOC_STRINGS = YES;
			};
			name = Release;
		};
		954D302A2E28514C00C7DC88 /* Debug */ = {
			isa = XCBuildConfiguration;
			buildSettings = {
				BUNDLE_LOADER = "$(TEST_HOST)";
				CODE_SIGN_STYLE = Automatic;
				CURRENT_PROJECT_VERSION = 1;
				DEVELOPMENT_TEAM = 9MQCP92JDR;
				GENERATE_INFOPLIST_FILE = YES;
				MACOSX_DEPLOYMENT_TARGET = 15.2;
				MARKETING_VERSION = 1.0;
				PRODUCT_BUNDLE_IDENTIFIER = "w.mafia-AITests";
				PRODUCT_NAME = "$(TARGET_NAME)";
				SWIFT_EMIT_LOC_STRINGS = NO;
				TEST_HOST = "$(BUILT_PRODUCTS_DIR)/mafia_AI.app/$(BUNDLE_EXECUTABLE_FOLDER_PATH)/mafia_AI";
			};
			name = Debug;
		};
		954D302B2E28514C00C7DC88 /* Release */ = {
			isa = XCBuildConfiguration;
			buildSettings = {
				BUNDLE_LOADER = "$(TEST_HOST)";
				CODE_SIGN_STYLE = Automatic;
				CURRENT_PROJECT_VERSION = 1;
				DEVELOPMENT_TEAM = 9MQCP92JDR;
				GENERATE_INFOPLIST_FILE = YES;
				MACOSX_DEPLOYMENT_TARGET = 15.2;
				MARKETING_VERSION = 1.0;
				PRODUCT_BUNDLE_IDENTIFIER = "w.mafia-AITests";
				PRODUCT_NAME = "$(TARGET_NAME)";
				SWIFT_EMIT_LOC_STRINGS = NO;
				TEST_HOST = "$(BUILT_PRODUCTS_DIR)/mafia_AI.app/$(BUNDLE_EXECUTABLE_FOLDER_PATH)/mafia_AI";
			};
			name = Release;
		};
		954D302D2E28514C00C7DC88 /* Debug */ = {
			isa = XCBuildConfiguration;
			buildSettings = {
				CODE_SIGN_STYLE = Automatic;
				CURRENT_PROJECT_VERSION = 1;
				DEVELOPMENT_TEAM = 9MQCP92JDR;
				GENERATE_INFOPLIST_FILE = YES;
				MARKETING_VERSION = 1.0;
				PRODUCT_BUNDLE_IDENTIFIER = "w.mafia-AIUITests";
				PRODUCT_NAME = "$(TARGET_NAME)";
				SWIFT_EMIT_LOC_STRINGS = NO;
				TEST_TARGET_NAME = mafia_AI;
			};
			name = Debug;
		};
		954D302E2E28514C00C7DC88 /* Release */ = {
			isa = XCBuildConfiguration;
			buildSettings = {
				CODE_SIGN_STYLE = Automatic;
				CURRENT_PROJECT_VERSION = 1;
				DEVELOPMENT_TEAM = 9MQCP92JDR;
				GENERATE_INFOPLIST_FILE = YES;
				MARKETING_VERSION = 1.0;
				PRODUCT_BUNDLE_IDENTIFIER = "w.mafia-AIUITests";
				PRODUCT_NAME = "$(TARGET_NAME)";
				SWIFT_EMIT_LOC_STRINGS = NO;
				TEST_TARGET_NAME = mafia_AI;
			};
			name = Release;
		};
/* End XCBuildConfiguration section */

/* Begin XCConfigurationList section */
		954D2FFB2E28514A00C7DC88 /* Build configuration list for PBXProject "mafia_AI" */ = {
			isa = XCConfigurationList;
			buildConfigurations = (
				954D30242E28514C00C7DC88 /* Debug */,
				954D30252E28514C00C7DC88 /* Release */,
			);
			defaultConfigurationIsVisible = 0;
			defaultConfigurationName = Release;
		};
		954D30262E28514C00C7DC88 /* Build configuration list for PBXNativeTarget "mafia_AI" */ = {
			isa = XCConfigurationList;
			buildConfigurations = (
				954D30272E28514C00C7DC88 /* Debug */,
				954D30282E28514C00C7DC88 /* Release */,
			);
			defaultConfigurationIsVisible = 0;
			defaultConfigurationName = Release;
		};
		954D30292E28514C00C7DC88 /* Build configuration list for PBXNativeTarget "mafia_AITests" */ = {
			isa = XCConfigurationList;
			buildConfigurations = (
				954D302A2E28514C00C7DC88 /* Debug */,
				954D302B2E28514C00C7DC88 /* Release */,
			);
			defaultConfigurationIsVisible = 0;
			defaultConfigurationName = Release;
		};
		954D302C2E28514C00C7DC88 /* Build configuration list for PBXNativeTarget "mafia_AIUITests" */ = {
			isa = XCConfigurationList;
			buildConfigurations = (
				954D302D2E28514C00C7DC88 /* Debug */,
				954D302E2E28514C00C7DC88 /* Release */,
			);
			defaultConfigurationIsVisible = 0;
			defaultConfigurationName = Release;
		};
/* End XCConfigurationList section */
	};
	rootObject = 954D2FF82E28514A00C7DC88 /* Project object */;
}
