// !$*UTF8*$!
{
	archiveVersion = 1;
	classes = {
	};
	objectVersion = 77;
	objects = {

/* Begin PBXBuildFile section */
		456C0B00BAEC46BE921F55745401FDE7 /* GridPresetManager.m in Sources */ = {isa = PBXBuildFile; fileRef = BC8BE2DD8C4F459EB9CF75BA61BC1FBE /* GridPresetManager.m */; };
		9543903C2E7164AE0015F05A /* BaseWidget.m in Sources */ = {isa = PBXBuildFile; fileRef = 954390012E7164AE0015F05A /* BaseWidget.m */; };
		9543903D2E7164AE0015F05A /* TagManagementWindowController.m in Sources */ = {isa = PBXBuildFile; fileRef = 954390032E7164AE0015F05A /* TagManagementWindowController.m */; };
		9543903F2E7164AE0015F05A /* WidgetTypeManager.m in Sources */ = {isa = PBXBuildFile; fileRef = 954390072E7164AE0015F05A /* WidgetTypeManager.m */; };
		954D30DD2E28531C00C7DC88 /* PROJECT_ARCHITECTURE.md in Resources */ = {isa = PBXBuildFile; fileRef = 954D30C02E28531C00C7DC88 /* PROJECT_ARCHITECTURE.md */; };
		954D30E32E2860F100C7DC88 /* PreferencesWindowController.m in Sources */ = {isa = PBXBuildFile; fileRef = 954D30E12E2860F100C7DC88 /* PreferencesWindowController.m */; };
		954D30E72E28612100C7DC88 /* AppSettings.m in Sources */ = {isa = PBXBuildFile; fileRef = 954D30E62E28612100C7DC88 /* AppSettings.m */; };
		954D388F2E50D1A6000454EF /* FloatingWidgetWindow.m in Sources */ = {isa = PBXBuildFile; fileRef = 954D388E2E50D1A6000454EF /* FloatingWidgetWindow.m */; };
		956C84A42E867C81002FFB6F /* CommonTypes.m in Sources */ = {isa = PBXBuildFile; fileRef = 956C84A32E867C81002FFB6F /* CommonTypes.m */; };
		958DF9D12E5B57F200720709 /* clientportal in Resources */ = {isa = PBXBuildFile; fileRef = 958DF9D02E5B57F200720709 /* clientportal */; };
		95EAE0BF2E928ECB0048215D /* GridTemplate.m in Sources */ = {isa = PBXBuildFile; fileRef = 95EAE0BE2E928ECB0048215D /* GridTemplate.m */; };
		95EAE0C22E928F4A0048215D /* GridWindow.m in Sources */ = {isa = PBXBuildFile; fileRef = 95EAE0C12E928F4A0048215D /* GridWindow.m */; };
/* End PBXBuildFile section */

/* Begin PBXContainerItemProxy section */
		954D30132E28514B00C7DC88 /* PBXContainerItemProxy */ = {
			isa = PBXContainerItemProxy;
			containerPortal = 954D2FF82E28514A00C7DC88 /* Project object */;
			proxyType = 1;
			remoteGlobalIDString = 954D2FFF2E28514A00C7DC88;
			remoteInfo = mafia_AI;
		};
		954D301D2E28514C00C7DC88 /* PBXContainerItemProxy */ = {
			isa = PBXContainerItemProxy;
			containerPortal = 954D2FF82E28514A00C7DC88 /* Project object */;
			proxyType = 1;
			remoteGlobalIDString = 954D2FFF2E28514A00C7DC88;
			remoteInfo = mafia_AI;
		};
/* End PBXContainerItemProxy section */

/* Begin PBXFileReference section */
		5E8E860069C043F5B13DF2B2685ED824 /* GridPresetManager.h */ = {isa = PBXFileReference; lastKnownFileType = sourcecode.c.h; path = GridPresetManager.h; sourceTree = "<group>"; };
		954390002E7164AE0015F05A /* BaseWidget.h */ = {isa = PBXFileReference; lastKnownFileType = sourcecode.c.h; path = BaseWidget.h; sourceTree = "<group>"; };
		954390012E7164AE0015F05A /* BaseWidget.m */ = {isa = PBXFileReference; lastKnownFileType = sourcecode.c.objc; path = BaseWidget.m; sourceTree = "<group>"; };
		954390022E7164AE0015F05A /* TagManagementWindowController.h */ = {isa = PBXFileReference; lastKnownFileType = sourcecode.c.h; path = TagManagementWindowController.h; sourceTree = "<group>"; };
		954390032E7164AE0015F05A /* TagManagementWindowController.m */ = {isa = PBXFileReference; lastKnownFileType = sourcecode.c.objc; path = TagManagementWindowController.m; sourceTree = "<group>"; };
		954390062E7164AE0015F05A /* WidgetTypeManager.h */ = {isa = PBXFileReference; lastKnownFileType = sourcecode.c.h; path = WidgetTypeManager.h; sourceTree = "<group>"; };
		954390072E7164AE0015F05A /* WidgetTypeManager.m */ = {isa = PBXFileReference; lastKnownFileType = sourcecode.c.objc; path = WidgetTypeManager.m; sourceTree = "<group>"; };
		954D30002E28514A00C7DC88 /* mafia_AI.app */ = {isa = PBXFileReference; explicitFileType = wrapper.application; includeInIndex = 0; path = mafia_AI.app; sourceTree = BUILT_PRODUCTS_DIR; };
		954D30122E28514B00C7DC88 /* mafia_AITests.xctest */ = {isa = PBXFileReference; explicitFileType = wrapper.cfbundle; includeInIndex = 0; path = mafia_AITests.xctest; sourceTree = BUILT_PRODUCTS_DIR; };
		954D301C2E28514C00C7DC88 /* mafia_AIUITests.xctest */ = {isa = PBXFileReference; explicitFileType = wrapper.cfbundle; includeInIndex = 0; path = mafia_AIUITests.xctest; sourceTree = BUILT_PRODUCTS_DIR; };
		954D30C02E28531C00C7DC88 /* PROJECT_ARCHITECTURE.md */ = {isa = PBXFileReference; lastKnownFileType = net.daringfireball.markdown; path = PROJECT_ARCHITECTURE.md; sourceTree = "<group>"; };
		954D30E02E2860F100C7DC88 /* PreferencesWindowController.h */ = {isa = PBXFileReference; lastKnownFileType = sourcecode.c.h; path = PreferencesWindowController.h; sourceTree = "<group>"; };
		954D30E12E2860F100C7DC88 /* PreferencesWindowController.m */ = {isa = PBXFileReference; lastKnownFileType = sourcecode.c.objc; path = PreferencesWindowController.m; sourceTree = "<group>"; };
		954D30E52E28612100C7DC88 /* AppSettings.h */ = {isa = PBXFileReference; lastKnownFileType = sourcecode.c.h; path = AppSettings.h; sourceTree = "<group>"; };
		954D30E62E28612100C7DC88 /* AppSettings.m */ = {isa = PBXFileReference; lastKnownFileType = sourcecode.c.objc; path = AppSettings.m; sourceTree = "<group>"; };
		954D388D2E50D1A6000454EF /* FloatingWidgetWindow.h */ = {isa = PBXFileReference; lastKnownFileType = sourcecode.c.h; path = FloatingWidgetWindow.h; sourceTree = "<group>"; };
		954D388E2E50D1A6000454EF /* FloatingWidgetWindow.m */ = {isa = PBXFileReference; lastKnownFileType = sourcecode.c.objc; path = FloatingWidgetWindow.m; sourceTree = "<group>"; };
		956C84A32E867C81002FFB6F /* CommonTypes.m */ = {isa = PBXFileReference; lastKnownFileType = sourcecode.c.objc; path = CommonTypes.m; sourceTree = "<group>"; };
		958DF9D02E5B57F200720709 /* clientportal */ = {isa = PBXFileReference; lastKnownFileType = folder; path = clientportal; sourceTree = "<group>"; };
		95EAE0BD2E928ECB0048215D /* GridTemplate.h */ = {isa = PBXFileReference; lastKnownFileType = sourcecode.c.h; path = GridTemplate.h; sourceTree = "<group>"; };
		95EAE0BE2E928ECB0048215D /* GridTemplate.m */ = {isa = PBXFileReference; lastKnownFileType = sourcecode.c.objc; path = GridTemplate.m; sourceTree = "<group>"; };
		95EAE0C02E928F4A0048215D /* GridWindow.h */ = {isa = PBXFileReference; lastKnownFileType = sourcecode.c.h; path = GridWindow.h; sourceTree = "<group>"; };
		95EAE0C12E928F4A0048215D /* GridWindow.m */ = {isa = PBXFileReference; lastKnownFileType = sourcecode.c.objc; path = GridWindow.m; sourceTree = "<group>"; };
		95F1AFC52E32037F00D96BDD /* CommonTypes.h */ = {isa = PBXFileReference; lastKnownFileType = sourcecode.c.h; path = CommonTypes.h; sourceTree = "<group>"; };
		BC8BE2DD8C4F459EB9CF75BA61BC1FBE /* GridPresetManager.m */ = {isa = PBXFileReference; lastKnownFileType = sourcecode.c.objc; path = GridPresetManager.m; sourceTree = "<group>"; };
/* End PBXFileReference section */

/* Begin PBXFileSystemSynchronizedRootGroup section */
		954391052E71D42B0015F05A /* spotlight */ = {
			isa = PBXFileSystemSynchronizedRootGroup;
			path = spotlight;
			sourceTree = "<group>";
		};
		954D30022E28514A00C7DC88 /* mafia_AI */ = {
			isa = PBXFileSystemSynchronizedRootGroup;
			path = mafia_AI;
			sourceTree = "<group>";
		};
		954D30152E28514B00C7DC88 /* mafia_AITests */ = {
			isa = PBXFileSystemSynchronizedRootGroup;
			path = mafia_AITests;
			sourceTree = "<group>";
		};
		954D301F2E28514C00C7DC88 /* mafia_AIUITests */ = {
			isa = PBXFileSystemSynchronizedRootGroup;
			path = mafia_AIUITests;
			sourceTree = "<group>";
		};
		958DF9482E5B57C500720709 /* clientportal */ = {
			isa = PBXFileSystemSynchronizedRootGroup;
			path = clientportal;
			sourceTree = "<group>";
		};
		95D8C7D22E65793400628924 /* technical indicators */ = {
			isa = PBXFileSystemSynchronizedRootGroup;
			path = "technical indicators";
			sourceTree = "<group>";
		};
		95F1AD762E2E517E00D96BDD /* UI */ = {
			isa = PBXFileSystemSynchronizedRootGroup;
			path = UI;
			sourceTree = "<group>";
		};
		95F1AFB42E31131100D96BDD /* Gestione Dati */ = {
			isa = PBXFileSystemSynchronizedRootGroup;
			path = "Gestione Dati";
			sourceTree = "<group>";
		};
/* End PBXFileSystemSynchronizedRootGroup section */

/* Begin PBXFrameworksBuildPhase section */
		954D2FFD2E28514A00C7DC88 /* Frameworks */ = {
			isa = PBXFrameworksBuildPhase;
			buildActionMask = 2147483647;
			files = (
			);
			runOnlyForDeploymentPostprocessing = 0;
		};
		954D300F2E28514B00C7DC88 /* Frameworks */ = {
			isa = PBXFrameworksBuildPhase;
			buildActionMask = 2147483647;
			files = (
			);
			runOnlyForDeploymentPostprocessing = 0;
		};
		954D30192E28514C00C7DC88 /* Frameworks */ = {
			isa = PBXFrameworksBuildPhase;
			buildActionMask = 2147483647;
			files = (
			);
			runOnlyForDeploymentPostprocessing = 0;
		};
/* End PBXFrameworksBuildPhase section */

/* Begin PBXGroup section */
		954D2FF72E28514A00C7DC88 = {
			isa = PBXGroup;
			children = (
				954391052E71D42B0015F05A /* spotlight */,
				95D8C7D22E65793400628924 /* technical indicators */,
				958DF9482E5B57C500720709 /* clientportal */,
				958DF9D02E5B57F200720709 /* clientportal */,
				95F1AFC52E32037F00D96BDD /* CommonTypes.h */,
				956C84A32E867C81002FFB6F /* CommonTypes.m */,
				95EAE0BD2E928ECB0048215D /* GridTemplate.h */,
				95EAE0BE2E928ECB0048215D /* GridTemplate.m */,
				95EAE0C02E928F4A0048215D /* GridWindow.h */,
				95EAE0C12E928F4A0048215D /* GridWindow.m */,
				5E8E860069C043F5B13DF2B2685ED824 /* GridPresetManager.h */,
				BC8BE2DD8C4F459EB9CF75BA61BC1FBE /* GridPresetManager.m */,
				954D30E52E28612100C7DC88 /* AppSettings.h */,
				954D30E62E28612100C7DC88 /* AppSettings.m */,
				954D388D2E50D1A6000454EF /* FloatingWidgetWindow.h */,
				954D388E2E50D1A6000454EF /* FloatingWidgetWindow.m */,
				954D30E02E2860F100C7DC88 /* PreferencesWindowController.h */,
				954D30E12E2860F100C7DC88 /* PreferencesWindowController.m */,
				954D30C02E28531C00C7DC88 /* PROJECT_ARCHITECTURE.md */,
				954390002E7164AE0015F05A /* BaseWidget.h */,
				954390012E7164AE0015F05A /* BaseWidget.m */,
				954390022E7164AE0015F05A /* TagManagementWindowController.h */,
				954390032E7164AE0015F05A /* TagManagementWindowController.m */,
				954390062E7164AE0015F05A /* WidgetTypeManager.h */,
				954390072E7164AE0015F05A /* WidgetTypeManager.m */,
				95F1AD762E2E517E00D96BDD /* UI */,
				95F1AFB42E31131100D96BDD /* Gestione Dati */,
				954D30022E28514A00C7DC88 /* mafia_AI */,
				954D30152E28514B00C7DC88 /* mafia_AITests */,
				954D301F2E28514C00C7DC88 /* mafia_AIUITests */,
				954D30012E28514A00C7DC88 /* Products */,
			);
			sourceTree = "<group>";
		};
		954D30012E28514A00C7DC88 /* Products */ = {
			isa = PBXGroup;
			children = (
				954D30002E28514A00C7DC88 /* mafia_AI.app */,
				954D30122E28514B00C7DC88 /* mafia_AITests.xctest */,
				954D301C2E28514C00C7DC88 /* mafia_AIUITests.xctest */,
			);
			name = Products;
			sourceTree = "<group>";
		};
/* End PBXGroup section */

/* Begin PBXNativeTarget section */
		954D2FFF2E28514A00C7DC88 /* mafia_AI */ = {
			isa = PBXNativeTarget;
			buildConfigurationList = 954D30262E28514C00C7DC88 /* Build configuration list for PBXNativeTarget "mafia_AI" */;
			buildPhases = (
				954D2FFC2E28514A00C7DC88 /* Sources */,
				954D2FFD2E28514A00C7DC88 /* Frameworks */,
				954D2FFE2E28514A00C7DC88 /* Resources */,
			);
			buildRules = (
			);
			dependencies = (
			);
			fileSystemSynchronizedGroups = (
				954391052E71D42B0015F05A /* spotlight */,
				954D30022E28514A00C7DC88 /* mafia_AI */,
				958DF9482E5B57C500720709 /* clientportal */,
				95D8C7D22E65793400628924 /* technical indicators */,
				95F1AD762E2E517E00D96BDD /* UI */,
				95F1AFB42E31131100D96BDD /* Gestione Dati */,
			);
			name = mafia_AI;
			packageProductDependencies = (
			);
			productName = mafia_AI;
			productReference = 954D30002E28514A00C7DC88 /* mafia_AI.app */;
			productType = "com.apple.product-type.application";
		};
		954D30112E28514B00C7DC88 /* mafia_AITests */ = {
			isa = PBXNativeTarget;
			buildConfigurationList = 954D30292E28514C00C7DC88 /* Build configuration list for PBXNativeTarget "mafia_AITests" */;
			buildPhases = (
				954D300E2E28514B00C7DC88 /* Sources */,
				954D300F2E28514B00C7DC88 /* Frameworks */,
				954D30102E28514B00C7DC88 /* Resources */,
			);
			buildRules = (
			);
			dependencies = (
				954D30142E28514B00C7DC88 /* PBXTargetDependency */,
			);
			fileSystemSynchronizedGroups = (
				954D30152E28514B00C7DC88 /* mafia_AITests */,
				958DF9482E5B57C500720709 /* clientportal */,
			);
			name = mafia_AITests;
			packageProductDependencies = (
			);
			productName = mafia_AITests;
			productReference = 954D30122E28514B00C7DC88 /* mafia_AITests.xctest */;
			productType = "com.apple.product-type.bundle.unit-test";
		};
		954D301B2E28514C00C7DC88 /* mafia_AIUITests */ = {
			isa = PBXNativeTarget;
			buildConfigurationList = 954D302C2E28514C00C7DC88 /* Build configuration list for PBXNativeTarget "mafia_AIUITests" */;
			buildPhases = (
				954D30182E28514C00C7DC88 /* Sources */,
				954D30192E28514C00C7DC88 /* Frameworks */,
				954D301A2E28514C00C7DC88 /* Resources */,
			);
			buildRules = (
			);
			dependencies = (
				954D301E2E28514C00C7DC88 /* PBXTargetDependency */,
			);
			fileSystemSynchronizedGroups = (
				954D301F2E28514C00C7DC88 /* mafia_AIUITests */,
				958DF9482E5B57C500720709 /* clientportal */,
			);
			name = mafia_AIUITests;
			packageProductDependencies = (
			);
			productName = mafia_AIUITests;
			productReference = 954D301C2E28514C00C7DC88 /* mafia_AIUITests.xctest */;
			productType = "com.apple.product-type.bundle.ui-testing";
		};
/* End PBXNativeTarget section */

/* Begin PBXProject section */
		954D2FF82E28514A00C7DC88 /* Project object */ = {
			isa = PBXProject;
			attributes = {
				BuildIndependentTargetsInParallel = 1;
				LastUpgradeCheck = 1620;
				TargetAttributes = {
					954D2FFF2E28514A00C7DC88 = {
						CreatedOnToolsVersion = 16.2;
					};
					954D30112E28514B00C7DC88 = {
						CreatedOnToolsVersion = 16.2;
						TestTargetID = 954D2FFF2E28514A00C7DC88;
					};
					954D301B2E28514C00C7DC88 = {
						CreatedOnToolsVersion = 16.2;
						TestTargetID = 954D2FFF2E28514A00C7DC88;
					};
				};
			};
			buildConfigurationList = 954D2FFB2E28514A00C7DC88 /* Build configuration list for PBXProject "mafia_AI" */;
			developmentRegion = en;
			hasScannedForEncodings = 0;
			knownRegions = (
				en,
				Base,
			);
			mainGroup = 954D2FF72E28514A00C7DC88;
			minimizedProjectReferenceProxies = 1;
			preferredProjectObjectVersion = 77;
			productRefGroup = 954D30012E28514A00C7DC88 /* Products */;
			projectDirPath = "";
			projectRoot = "";
			targets = (
				954D2FFF2E28514A00C7DC88 /* mafia_AI */,
				954D30112E28514B00C7DC88 /* mafia_AITests */,
				954D301B2E28514C00C7DC88 /* mafia_AIUITests */,
			);
		};
/* End PBXProject section */

/* Begin PBXResourcesBuildPhase section */
		954D2FFE2E28514A00C7DC88 /* Resources */ = {
			isa = PBXResourcesBuildPhase;
			buildActionMask = 2147483647;
			files = (
				958DF9D12E5B57F200720709 /* clientportal in Resources */,
				954D30DD2E28531C00C7DC88 /* PROJECT_ARCHITECTURE.md in Resources */,
			);
			runOnlyForDeploymentPostprocessing = 0;
		};
		954D30102E28514B00C7DC88 /* Resources */ = {
			isa = PBXResourcesBuildPhase;
			buildActionMask = 2147483647;
			files = (
			);
			runOnlyForDeploymentPostprocessing = 0;
		};
		954D301A2E28514C00C7DC88 /* Resources */ = {
			isa = PBXResourcesBuildPhase;
			buildActionMask = 2147483647;
			files = (
			);
			runOnlyForDeploymentPostprocessing = 0;
		};
/* End PBXResourcesBuildPhase section */

/* Begin PBXSourcesBuildPhase section */
		954D2FFC2E28514A00C7DC88 /* Sources */ = {
			isa = PBXSourcesBuildPhase;
			buildActionMask = 2147483647;
			files = (
				954D388F2E50D1A6000454EF /* FloatingWidgetWindow.m in Sources */,
				956C84A42E867C81002FFB6F /* CommonTypes.m in Sources */,
				954D30E32E2860F100C7DC88 /* PreferencesWindowController.m in Sources */,
				9543903C2E7164AE0015F05A /* BaseWidget.m in Sources */,
				9543903D2E7164AE0015F05A /* TagManagementWindowController.m in Sources */,
				9543903F2E7164AE0015F05A /* WidgetTypeManager.m in Sources */,
				954D30E72E28612100C7DC88 /* AppSettings.m in Sources */,
				95EAE0C22E928F4A0048215D /* GridWindow.m in Sources */,
				95EAE0BF2E928ECB0048215D /* GridTemplate.m in Sources */,
				456C0B00BAEC46BE921F55745401FDE7 /* GridPresetManager.m in Sources */,
			);
			runOnlyForDeploymentPostprocessing = 0;
		};
		954D300E2E28514B00C7DC88 /* Sources */ = {
			isa = PBXSourcesBuildPhase;
			buildActionMask = 2147483647;
			files = (
			);
			runOnlyForDeploymentPostprocessing = 0;
		};
		954D30182E28514C00C7DC88 /* Sources */ = {
			isa = PBXSourcesBuildPhase;
			buildActionMask = 2147483647;
			files = (
			);
			runOnlyForDeploymentPostprocessing = 0;
		};
/* End PBXSourcesBuildPhase section */

/* Begin PBXTargetDependency section */
		954D30142E28514B00C7DC88 /* PBXTargetDependency */ = {
			isa = PBXTargetDependency;
			target = 954D2FFF2E28514A00C7DC88 /* mafia_AI */;
			targetProxy = 954D30132E28514B00C7DC88 /* PBXContainerItemProxy */;
		};
		954D301E2E28514C00C7DC88 /* PBXTargetDependency */ = {
			isa = PBXTargetDependency;
			target = 954D2FFF2E28514A00C7DC88 /* mafia_AI */;
			targetProxy = 954D301D2E28514C00C7DC88 /* PBXContainerItemProxy */;
		};
/* End PBXTargetDependency section */

/* Begin XCBuildConfiguration section */
		954D30242E28514C00C7DC88 /* Debug */ = {
			isa = XCBuildConfiguration;
			buildSettings = {
				ALWAYS_SEARCH_USER_PATHS = NO;
				ASSETCATALOG_COMPILER_GENERATE_SWIFT_ASSET_SYMBOL_EXTENSIONS = YES;
				CLANG_ANALYZER_NONNULL = YES;
				CLANG_ANALYZER_NUMBER_OBJECT_CONVERSION = YES_AGGRESSIVE;
				CLANG_CXX_LANGUAGE_STANDARD = "gnu++20";
				CLANG_ENABLE_MODULES = YES;
				CLANG_ENABLE_OBJC_ARC = YES;
				CLANG_ENABLE_OBJC_WEAK = YES;
				CLANG_WARN_BLOCK_CAPTURE_AUTORELEASING = YES;
				CLANG_WARN_BOOL_CONVERSION = YES;
				CLANG_WARN_COMMA = YES;
				CLANG_WARN_CONSTANT_CONVERSION = YES;
				CLANG_WARN_DEPRECATED_OBJC_IMPLEMENTATIONS = YES;
				CLANG_WARN_DIRECT_OBJC_ISA_USAGE = YES_ERROR;
				CLANG_WARN_DOCUMENTATION_COMMENTS = YES;
				CLANG_WARN_EMPTY_BODY = YES;
				CLANG_WARN_ENUM_CONVERSION = YES;
				CLANG_WARN_INFINITE_RECURSION = YES;
				CLANG_WARN_INT_CONVERSION = YES;
				CLANG_WARN_NON_LITERAL_NULL_CONVERSION = YES;
				CLANG_WARN_OBJC_IMPLICIT_RETAIN_SELF = YES;
				CLANG_WARN_OBJC_LITERAL_CONVERSION = YES;
				CLANG_WARN_OBJC_ROOT_CLASS = YES_ERROR;
				CLANG_WARN_QUOTED_INCLUDE_IN_FRAMEWORK_HEADER = YES;
				CLANG_WARN_RANGE_LOOP_ANALYSIS = YES;
				CLANG_WARN_STRICT_PROTOTYPES = YES;
				CLANG_WARN_SUSPICIOUS_MOVE = YES;
				CLANG_WARN_UNGUARDED_AVAILABILITY = YES_AGGRESSIVE;
				CLANG_WARN_UNREACHABLE_CODE = YES;
				CLANG_WARN__DUPLICATE_METHOD_MATCH = YES;
				COPY_PHASE_STRIP = NO;
				DEBUG_INFORMATION_FORMAT = dwarf;
				ENABLE_STRICT_OBJC_MSGSEND = YES;
				ENABLE_TESTABILITY = YES;
				ENABLE_USER_SCRIPT_SANDBOXING = YES;
				GCC_C_LANGUAGE_STANDARD = gnu17;
				GCC_DYNAMIC_NO_PIC = NO;
				GCC_NO_COMMON_BLOCKS = YES;
				GCC_OPTIMIZATION_LEVEL = 0;
				GCC_PREPROCESSOR_DEFINITIONS = (
					"DEBUG=1",
					"$(inherited)",
				);
				GCC_WARN_64_TO_32_BIT_CONVERSION = YES;
				GCC_WARN_ABOUT_RETURN_TYPE = YES_ERROR;
				GCC_WARN_UNDECLARED_SELECTOR = YES;
				GCC_WARN_UNINITIALIZED_AUTOS = YES_AGGRESSIVE;
				GCC_WARN_UNUSED_FUNCTION = YES;
				GCC_WARN_UNUSED_VARIABLE = YES;
				LOCALIZATION_PREFERS_STRING_CATALOGS = YES;
				MACOSX_DEPLOYMENT_TARGET = 15.2;
				MTL_ENABLE_DEBUG_INFO = INCLUDE_SOURCE;
				MTL_FAST_MATH = YES;
				ONLY_ACTIVE_ARCH = YES;
				SDKROOT = macosx;
			};
			name = Debug;
		};
		954D30252E28514C00C7DC88 /* Release */ = {
			isa = XCBuildConfiguration;
			buildSettings = {
				ALWAYS_SEARCH_USER_PATHS = NO;
				ASSETCATALOG_COMPILER_GENERATE_SWIFT_ASSET_SYMBOL_EXTENSIONS = YES;
				CLANG_ANALYZER_NONNULL = YES;
				CLANG_ANALYZER_NUMBER_OBJECT_CONVERSION = YES_AGGRESSIVE;
				CLANG_CXX_LANGUAGE_STANDARD = "gnu++20";
				CLANG_ENABLE_MODULES = YES;
				CLANG_ENABLE_OBJC_ARC = YES;
				CLANG_ENABLE_OBJC_WEAK = YES;
				CLANG_WARN_BLOCK_CAPTURE_AUTORELEASING = YES;
				CLANG_WARN_BOOL_CONVERSION = YES;
				CLANG_WARN_COMMA = YES;
				CLANG_WARN_CONSTANT_CONVERSION = YES;
				CLANG_WARN_DEPRECATED_OBJC_IMPLEMENTATIONS = YES;
				CLANG_WARN_DIRECT_OBJC_ISA_USAGE = YES_ERROR;
				CLANG_WARN_DOCUMENTATION_COMMENTS = YES;
				CLANG_WARN_EMPTY_BODY = YES;
				CLANG_WARN_ENUM_CONVERSION = YES;
				CLANG_WARN_INFINITE_RECURSION = YES;
				CLANG_WARN_INT_CONVERSION = YES;
				CLANG_WARN_NON_LITERAL_NULL_CONVERSION = YES;
				CLANG_WARN_OBJC_IMPLICIT_RETAIN_SELF = YES;
				CLANG_WARN_OBJC_LITERAL_CONVERSION = YES;
				CLANG_WARN_OBJC_ROOT_CLASS = YES_ERROR;
				CLANG_WARN_QUOTED_INCLUDE_IN_FRAMEWORK_HEADER = YES;
				CLANG_WARN_RANGE_LOOP_ANALYSIS = YES;
				CLANG_WARN_STRICT_PROTOTYPES = YES;
				CLANG_WARN_SUSPICIOUS_MOVE = YES;
				CLANG_WARN_UNGUARDED_AVAILABILITY = YES_AGGRESSIVE;
				CLANG_WARN_UNREACHABLE_CODE = YES;
				CLANG_WARN__DUPLICATE_METHOD_MATCH = YES;
				COPY_PHASE_STRIP = NO;
				DEBUG_INFORMATION_FORMAT = "dwarf-with-dsym";
				ENABLE_NS_ASSERTIONS = NO;
				ENABLE_STRICT_OBJC_MSGSEND = YES;
				ENABLE_USER_SCRIPT_SANDBOXING = YES;
				GCC_C_LANGUAGE_STANDARD = gnu17;
				GCC_NO_COMMON_BLOCKS = YES;
				GCC_WARN_64_TO_32_BIT_CONVERSION = YES;
				GCC_WARN_ABOUT_RETURN_TYPE = YES_ERROR;
				GCC_WARN_UNDECLARED_SELECTOR = YES;
				GCC_WARN_UNINITIALIZED_AUTOS = YES_AGGRESSIVE;
				GCC_WARN_UNUSED_FUNCTION = YES;
				GCC_WARN_UNUSED_VARIABLE = YES;
				LOCALIZATION_PREFERS_STRING_CATALOGS = YES;
				MACOSX_DEPLOYMENT_TARGET = 15.2;
				MTL_ENABLE_DEBUG_INFO = NO;
				MTL_FAST_MATH = YES;
				SDKROOT = macosx;
			};
			name = Release;
		};
		954D30272E28514C00C7DC88 /* Debug */ = {
			isa = XCBuildConfiguration;
			buildSettings = {
				ASSETCATALOG_COMPILER_APPICON_NAME = AppIcon;
				ASSETCATALOG_COMPILER_GLOBAL_ACCENT_COLOR_NAME = AccentColor;
				CODE_SIGN_ENTITLEMENTS = mafia_AI/mafia_AI.entitlements;
				CODE_SIGN_IDENTITY = "Apple Development";
				"CODE_SIGN_IDENTITY[sdk=macosx*]" = "-";
				CODE_SIGN_STYLE = Automatic;
				COMBINE_HIDPI_IMAGES = YES;
				CURRENT_PROJECT_VERSION = 1;
				DEVELOPMENT_TEAM = 9MQCP92JDR;
				ENABLE_APP_SANDBOX = YES;
				ENABLE_FILE_ACCESS_DOWNLOADS_FOLDER = readonly;
				ENABLE_HARDENED_RUNTIME = YES;
				ENABLE_INCOMING_NETWORK_CONNECTIONS = NO;
				ENABLE_OUTGOING_NETWORK_CONNECTIONS = NO;
				ENABLE_RESOURCE_ACCESS_AUDIO_INPUT = NO;
				ENABLE_RESOURCE_ACCESS_BLUETOOTH = NO;
				ENABLE_RESOURCE_ACCESS_CALENDARS = NO;
				ENABLE_RESOURCE_ACCESS_CAMERA = NO;
				ENABLE_RESOURCE_ACCESS_CONTACTS = NO;
				ENABLE_RESOURCE_ACCESS_LOCATION = NO;
				ENABLE_RESOURCE_ACCESS_PRINTING = NO;
				ENABLE_RESOURCE_ACCESS_USB = NO;
				GENERATE_INFOPLIST_FILE = YES;
				INFOPLIST_KEY_LSApplicationCategoryType = "public.app-category.finance";
				INFOPLIST_KEY_NSHumanReadableCopyright = "";
				INFOPLIST_KEY_NSMainNibFile = MainMenu;
				INFOPLIST_KEY_NSPrincipalClass = NSApplication;
				LD_RUNPATH_SEARCH_PATHS = (
					"$(inherited)",
					"@executable_path/../Frameworks",
				);
				MARKETING_VERSION = 1.0;
				PRODUCT_BUNDLE_IDENTIFIER = "w.mafia-AI";
				PRODUCT_NAME = "$(TARGET_NAME)";
				PROVISIONING_PROFILE_SPECIFIER = "";
				SWIFT_EMIT_LOC_STRINGS = YES;
			};
			name = Debug;
		};
		954D30282E28514C00C7DC88 /* Release */ = {
			isa = XCBuildConfiguration;
			buildSettings = {
				ASSETCATALOG_COMPILER_APPICON_NAME = AppIcon;
				ASSETCATALOG_COMPILER_GLOBAL_ACCENT_COLOR_NAME = AccentColor;
				CODE_SIGN_ENTITLEMENTS = mafia_AI/mafia_AI.entitlements;
				CODE_SIGN_IDENTITY = "Apple Development";
				"CODE_SIGN_IDENTITY[sdk=macosx*]" = "-";
				CODE_SIGN_STYLE = Automatic;
				COMBINE_HIDPI_IMAGES = YES;
				CURRENT_PROJECT_VERSION = 1;
				DEVELOPMENT_TEAM = 9MQCP92JDR;
				ENABLE_APP_SANDBOX = YES;
				ENABLE_FILE_ACCESS_DOWNLOADS_FOLDER = readonly;
				ENABLE_HARDENED_RUNTIME = YES;
				ENABLE_INCOMING_NETWORK_CONNECTIONS = NO;
				ENABLE_OUTGOING_NETWORK_CONNECTIONS = NO;
				ENABLE_RESOURCE_ACCESS_AUDIO_INPUT = NO;
				ENABLE_RESOURCE_ACCESS_BLUETOOTH = NO;
				ENABLE_RESOURCE_ACCESS_CALENDARS = NO;
				ENABLE_RESOURCE_ACCESS_CAMERA = NO;
				ENABLE_RESOURCE_ACCESS_CONTACTS = NO;
				ENABLE_RESOURCE_ACCESS_LOCATION = NO;
				ENABLE_RESOURCE_ACCESS_PRINTING = NO;
				ENABLE_RESOURCE_ACCESS_USB = NO;
				GENERATE_INFOPLIST_FILE = YES;
				INFOPLIST_KEY_LSApplicationCategoryType = "public.app-category.finance";
				INFOPLIST_KEY_NSHumanReadableCopyright = "";
				INFOPLIST_KEY_NSMainNibFile = MainMenu;
				INFOPLIST_KEY_NSPrincipalClass = NSApplication;
				LD_RUNPATH_SEARCH_PATHS = (
					"$(inherited)",
					"@executable_path/../Frameworks",
				);
				MARKETING_VERSION = 1.0;
				PRODUCT_BUNDLE_IDENTIFIER = "w.mafia-AI";
				PRODUCT_NAME = "$(TARGET_NAME)";
				PROVISIONING_PROFILE_SPECIFIER = "";
				SWIFT_EMIT_LOC_STRINGS = YES;
			};
			name = Release;
		};
		954D302A2E28514C00C7DC88 /* Debug */ = {
			isa = XCBuildConfiguration;
			buildSettings = {
				BUNDLE_LOADER = "$(TEST_HOST)";
				CODE_SIGN_STYLE = Automatic;
				CURRENT_PROJECT_VERSION = 1;
				DEVELOPMENT_TEAM = 9MQCP92JDR;
				GENERATE_INFOPLIST_FILE = YES;
				MACOSX_DEPLOYMENT_TARGET = 15.2;
				MARKETING_VERSION = 1.0;
				PRODUCT_BUNDLE_IDENTIFIER = "w.mafia-AITests";
				PRODUCT_NAME = "$(TARGET_NAME)";
				SWIFT_EMIT_LOC_STRINGS = NO;
				TEST_HOST = "$(BUILT_PRODUCTS_DIR)/mafia_AI.app/$(BUNDLE_EXECUTABLE_FOLDER_PATH)/mafia_AI";
			};
			name = Debug;
		};
		954D302B2E28514C00C7DC88 /* Release */ = {
			isa = XCBuildConfiguration;
			buildSettings = {
				BUNDLE_LOADER = "$(TEST_HOST)";
				CODE_SIGN_STYLE = Automatic;
				CURRENT_PROJECT_VERSION = 1;
				DEVELOPMENT_TEAM = 9MQCP92JDR;
				GENERATE_INFOPLIST_FILE = YES;
				MACOSX_DEPLOYMENT_TARGET = 15.2;
				MARKETING_VERSION = 1.0;
				PRODUCT_BUNDLE_IDENTIFIER = "w.mafia-AITests";
				PRODUCT_NAME = "$(TARGET_NAME)";
				SWIFT_EMIT_LOC_STRINGS = NO;
				TEST_HOST = "$(BUILT_PRODUCTS_DIR)/mafia_AI.app/$(BUNDLE_EXECUTABLE_FOLDER_PATH)/mafia_AI";
			};
			name = Release;
		};
		954D302D2E28514C00C7DC88 /* Debug */ = {
			isa = XCBuildConfiguration;
			buildSettings = {
				CODE_SIGN_STYLE = Automatic;
				CURRENT_PROJECT_VERSION = 1;
				DEVELOPMENT_TEAM = 9MQCP92JDR;
				GENERATE_INFOPLIST_FILE = YES;
				MARKETING_VERSION = 1.0;
				PRODUCT_BUNDLE_IDENTIFIER = "w.mafia-AIUITests";
				PRODUCT_NAME = "$(TARGET_NAME)";
				SWIFT_EMIT_LOC_STRINGS = NO;
				TEST_TARGET_NAME = mafia_AI;
			};
			name = Debug;
		};
		954D302E2E28514C00C7DC88 /* Release */ = {
			isa = XCBuildConfiguration;
			buildSettings = {
				CODE_SIGN_STYLE = Automatic;
				CURRENT_PROJECT_VERSION = 1;
				DEVELOPMENT_TEAM = 9MQCP92JDR;
				GENERATE_INFOPLIST_FILE = YES;
				MARKETING_VERSION = 1.0;
				PRODUCT_BUNDLE_IDENTIFIER = "w.mafia-AIUITests";
				PRODUCT_NAME = "$(TARGET_NAME)";
				SWIFT_EMIT_LOC_STRINGS = NO;
				TEST_TARGET_NAME = mafia_AI;
			};
			name = Release;
		};
/* End XCBuildConfiguration section */

/* Begin XCConfigurationList section */
		954D2FFB2E28514A00C7DC88 /* Build configuration list for PBXProject "mafia_AI" */ = {
			isa = XCConfigurationList;
			buildConfigurations = (
				954D30242E28514C00C7DC88 /* Debug */,
				954D30252E28514C00C7DC88 /* Release */,
			);
			defaultConfigurationIsVisible = 0;
			defaultConfigurationName = Release;
		};
		954D30262E28514C00C7DC88 /* Build configuration list for PBXNativeTarget "mafia_AI" */ = {
			isa = XCConfigurationList;
			buildConfigurations = (
				954D30272E28514C00C7DC88 /* Debug */,
				954D30282E28514C00C7DC88 /* Release */,
			);
			defaultConfigurationIsVisible = 0;
			defaultConfigurationName = Release;
		};
		954D30292E28514C00C7DC88 /* Build configuration list for PBXNativeTarget "mafia_AITests" */ = {
			isa = XCConfigurationList;
			buildConfigurations = (
				954D302A2E28514C00C7DC88 /* Debug */,
				954D302B2E28514C00C7DC88 /* Release */,
			);
			defaultConfigurationIsVisible = 0;
			defaultConfigurationName = Release;
		};
		954D302C2E28514C00C7DC88 /* Build configuration list for PBXNativeTarget "mafia_AIUITests" */ = {
			isa = XCConfigurationList;
			buildConfigurations = (
				954D302D2E28514C00C7DC88 /* Debug */,
				954D302E2E28514C00C7DC88 /* Release */,
			);
			defaultConfigurationIsVisible = 0;
			defaultConfigurationName = Release;
		};
/* End XCConfigurationList section */
	};
	rootObject = 954D2FF82E28514A00C7DC88 /* Project object */;
}
